
Microsoft Visual Studio Solution File, Format Version 12.00
# Visual Studio Version 17
VisualStudioVersion = 17.10.34928.147
MinimumVisualStudioVersion = 10.0.40219.1
Project("{9A19103F-16F7-4668-BE54-9A1E7A4F7556}") = "Sample", "Sample.csproj", "{4E85F015-126C-44CC-9526-AA68D34AAE83}"
EndProject
Global
	GlobalSection(SolutionConfigurationPlatforms) = preSolution
		Debug|Any CPU = Debug|Any CPU
		Release|Any CPU = Release|Any CPU
	EndGlobalSection
	GlobalSection(ProjectConfigurationPlatforms) = postSolution
		{4E85F015-126C-44CC-9526-AA68D34AAE83}.Debug|Any CPU.ActiveCfg = Debug|Any CPU
		{4E85F015-126C-44CC-9526-AA68D34AAE83}.Debug|Any CPU.Build.0 = Debug|Any CPU
		{4E85F015-126C-44CC-9526-AA68D34AAE83}.Release|Any CPU.ActiveCfg = Release|Any CPU
		{4E85F015-126C-44CC-9526-AA68D34AAE83}.Release|Any CPU.Build.0 = Release|Any CPU
	EndGlobalSection
	GlobalSection(SolutionProperties) = preSolution
		HideSolutionNode = FALSE
	EndGlobalSection
	GlobalSection(ExtensibilityGlobals) = postSolution
		SolutionGuid = {B0335553-911E-454F-BB5F-ADD49D7F0EC5}
	EndGlobalSection
EndGlobal
