
Microsoft Visual Studio Solution File, Format Version 12.00
# Visual Studio Version 17
VisualStudioVersion = 17.10.34928.147
MinimumVisualStudioVersion = 10.0.40219.1
Project("{9A19103F-16F7-4668-BE54-9A1E7A4F7556}") = "WixToolset.WixBA.v5", "WixToolset.WixBA.v5.csproj", "{5E95D728-AA1D-45C6-996E-CED3913B1BC4}"
EndProject
Global
	GlobalSection(SolutionConfigurationPlatforms) = preSolution
		Debug|Any CPU = Debug|Any CPU
		Debug|ARM64 = Debug|ARM64
		Debug|x64 = Debug|x64
		Debug|x86 = Debug|x86
		Release|Any CPU = Release|Any CPU
		Release|ARM64 = Release|ARM64
		Release|x64 = Release|x64
		Release|x86 = Release|x86
	EndGlobalSection
	GlobalSection(ProjectConfigurationPlatforms) = postSolution
		{5E95D728-AA1D-45C6-996E-CED3913B1BC4}.Debug|Any CPU.ActiveCfg = Debug|Any CPU
		{5E95D728-AA1D-45C6-996E-CED3913B1BC4}.Debug|Any CPU.Build.0 = Debug|Any CPU
		{5E95D728-AA1D-45C6-996E-CED3913B1BC4}.Debug|ARM64.ActiveCfg = Debug|Any CPU
		{5E95D728-AA1D-45C6-996E-CED3913B1BC4}.Debug|ARM64.Build.0 = Debug|Any CPU
		{5E95D728-AA1D-45C6-996E-CED3913B1BC4}.Debug|x64.ActiveCfg = Debug|Any CPU
		{5E95D728-AA1D-45C6-996E-CED3913B1BC4}.Debug|x64.Build.0 = Debug|Any CPU
		{5E95D728-AA1D-45C6-996E-CED3913B1BC4}.Debug|x86.ActiveCfg = Debug|Any CPU
		{5E95D728-AA1D-45C6-996E-CED3913B1BC4}.Debug|x86.Build.0 = Debug|Any CPU
		{5E95D728-AA1D-45C6-996E-CED3913B1BC4}.Release|Any CPU.ActiveCfg = Release|Any CPU
		{5E95D728-AA1D-45C6-996E-CED3913B1BC4}.Release|Any CPU.Build.0 = Release|Any CPU
		{5E95D728-AA1D-45C6-996E-CED3913B1BC4}.Release|ARM64.ActiveCfg = Release|Any CPU
		{5E95D728-AA1D-45C6-996E-CED3913B1BC4}.Release|ARM64.Build.0 = Release|Any CPU
		{5E95D728-AA1D-45C6-996E-CED3913B1BC4}.Release|x64.ActiveCfg = Release|Any CPU
		{5E95D728-AA1D-45C6-996E-CED3913B1BC4}.Release|x64.Build.0 = Release|Any CPU
		{5E95D728-AA1D-45C6-996E-CED3913B1BC4}.Release|x86.ActiveCfg = Release|Any CPU
		{5E95D728-AA1D-45C6-996E-CED3913B1BC4}.Release|x86.Build.0 = Release|Any CPU
	EndGlobalSection
	GlobalSection(SolutionProperties) = preSolution
		HideSolutionNode = FALSE
	EndGlobalSection
	GlobalSection(ExtensibilityGlobals) = postSolution
		SolutionGuid = {42E5AD5C-092A-4895-9CE3-32C355C8FAE2}
	EndGlobalSection
EndGlobal
