
Microsoft Visual Studio Solution File, Format Version 12.00
# Visual Studio Version 16
VisualStudioVersion = 16.0.29215.179
MinimumVisualStudioVersion = 10.0.40219.1
Project("{FAE04EC0-301F-11D3-BF4B-00C04F79EFBC}") = "TestApp1", "TestApp1\TestApp1.csproj", "{8AAD3855-27BD-49A0-84A2-793F91D564D2}"
EndProject
Project("{FAE04EC0-301F-11D3-BF4B-00C04F79EFBC}") = "TestApp2", "TestApp2\TestApp2.csproj", "{6B16017D-20DF-4492-BBE6-BB96085B2202}"
EndProject
Global
	GlobalSection(SolutionConfigurationPlatforms) = preSolution
		Debug|Any CPU = Debug|Any CPU
		Release|Any CPU = Release|Any CPU
	EndGlobalSection
	GlobalSection(ProjectConfigurationPlatforms) = postSolution
		{8AAD3855-27BD-49A0-84A2-793F91D564D2}.Debug|Any CPU.ActiveCfg = Debug|Any CPU
		{8AAD3855-27BD-49A0-84A2-793F91D564D2}.Debug|Any CPU.Build.0 = Debug|Any CPU
		{8AAD3855-27BD-49A0-84A2-793F91D564D2}.Release|Any CPU.ActiveCfg = Release|Any CPU
		{8AAD3855-27BD-49A0-84A2-793F91D564D2}.Release|Any CPU.Build.0 = Release|Any CPU
		{6B16017D-20DF-4492-BBE6-BB96085B2202}.Debug|Any CPU.ActiveCfg = Debug|Any CPU
		{6B16017D-20DF-4492-BBE6-BB96085B2202}.Debug|Any CPU.Build.0 = Debug|Any CPU
		{6B16017D-20DF-4492-BBE6-BB96085B2202}.Release|Any CPU.ActiveCfg = Release|Any CPU
		{6B16017D-20DF-4492-BBE6-BB96085B2202}.Release|Any CPU.Build.0 = Release|Any CPU
	EndGlobalSection
	GlobalSection(SolutionProperties) = preSolution
		HideSolutionNode = FALSE
	EndGlobalSection
	GlobalSection(ExtensibilityGlobals) = postSolution
		SolutionGuid = {46575F7F-9299-4033-BECE-6FE1CB2C7344}
	EndGlobalSection
EndGlobal
