
Microsoft Visual Studio Solution File, Format Version 12.00
# Visual Studio Version 17
VisualStudioVersion = 17.9.34728.123
MinimumVisualStudioVersion = 10.0.40219.1
Project("{9A19103F-16F7-4668-BE54-9A1E7A4F7556}") = "Setup", "Setup\Setup.csproj", "{BABE9423-68DD-4315-A75C-BEF903C65C8C}"
EndProject
Project("{9A19103F-16F7-4668-BE54-9A1E7A4F7556}") = "Setup.UI", "Setup.UI\Setup.UI.csproj", "{EB0CC2E3-AFE2-4C39-9E26-8CFC69AD9307}"
EndProject
Global
	GlobalSection(SolutionConfigurationPlatforms) = preSolution
		Debug|Any CPU = Debug|Any CPU
		Release|Any CPU = Release|Any CPU
	EndGlobalSection
	GlobalSection(ProjectConfigurationPlatforms) = postSolution
		{BABE9423-68DD-4315-A75C-BEF903C65C8C}.Debug|Any CPU.ActiveCfg = Debug|Any CPU
		{BABE9423-68DD-4315-A75C-BEF903C65C8C}.Debug|Any CPU.Build.0 = Debug|Any CPU
		{BABE9423-68DD-4315-A75C-BEF903C65C8C}.Release|Any CPU.ActiveCfg = Release|Any CPU
		{BABE9423-68DD-4315-A75C-BEF903C65C8C}.Release|Any CPU.Build.0 = Release|Any CPU
		{EB0CC2E3-AFE2-4C39-9E26-8CFC69AD9307}.Debug|Any CPU.ActiveCfg = Debug|Any CPU
		{EB0CC2E3-AFE2-4C39-9E26-8CFC69AD9307}.Debug|Any CPU.Build.0 = Debug|Any CPU
		{EB0CC2E3-AFE2-4C39-9E26-8CFC69AD9307}.Release|Any CPU.ActiveCfg = Release|Any CPU
		{EB0CC2E3-AFE2-4C39-9E26-8CFC69AD9307}.Release|Any CPU.Build.0 = Release|Any CPU
	EndGlobalSection
	GlobalSection(SolutionProperties) = preSolution
		HideSolutionNode = FALSE
	EndGlobalSection
	GlobalSection(ExtensibilityGlobals) = postSolution
		SolutionGuid = {8C63F8C9-0F28-4014-B1E5-91CC0F72BB52}
	EndGlobalSection
EndGlobal
