Microsoft Visual Studio Solution File, Format Version 12.00
# Visual Studio Version 17
VisualStudioVersion = 17.0.32014.148
MinimumVisualStudioVersion = 10.0.40219.1
Project("{FAE04EC0-301F-11D3-BF4B-00C04F79EFBC}") = "WixSharp", "WixSharp\WixSharp.csproj", "{8860B29B-749F-4925-86C8-F9C4B93C9DA5}"
EndProject
Project("{FAE04EC0-301F-11D3-BF4B-00C04F79EFBC}") = "WixSharp.UI", "WixSharp.UI\WixSharp.UI.csproj", "{79033A3E-565E-47A3-93F6-D95789B024FC}"
EndProject
Project("{2150E333-8FDC-42A3-9474-1A3956D46DE8}") = "CustomUI.Legacy", "CustomUI.Legacy", "{C8D0CD2D-0340-4E97-9E62-5A8334AD9E2D}"
EndProject
Project("{FAE04EC0-301F-11D3-BF4B-00C04F79EFBC}") = "CustomCLRDialog", "WixSharp.Samples\Wix# Samples\Custom_UI\CustomCLRDialog\CustomCLRDialog.csproj", "{D46D6FCD-03E4-499F-9ECF-A570E2E0EA51}"
	ProjectSection(ProjectDependencies) = postProject
		{79033A3E-565E-47A3-93F6-D95789B024FC} = {79033A3E-565E-47A3-93F6-D95789B024FC}
	EndProjectSection
EndProject
Project("{FAE04EC0-301F-11D3-BF4B-00C04F79EFBC}") = "WixSharp.Msi", "WixSharp.Msi\WixSharp.Msi\WixSharp.Msi.csproj", "{611D8893-7D39-4F3C-92D5-0554F780A914}"
EndProject
Project("{2150E333-8FDC-42A3-9474-1A3956D46DE8}") = "External_UI", "External_UI", "{AE8877B5-88C1-4493-B70D-27DCCEA5CE39}"
EndProject
Project("{FAE04EC0-301F-11D3-BF4B-00C04F79EFBC}") = "ConsoleSetup", "WixSharp.Samples\Wix# Samples\External_UI\ConsoleSetup\ConsoleSetup.csproj", "{5183E3A8-3F40-4A00-9696-DB2EF0D895A4}"
	ProjectSection(ProjectDependencies) = postProject
		{611D8893-7D39-4F3C-92D5-0554F780A914} = {611D8893-7D39-4F3C-92D5-0554F780A914}
	EndProjectSection
EndProject
Project("{FAE04EC0-301F-11D3-BF4B-00C04F79EFBC}") = "WinFormsSetup", "WixSharp.Samples\Wix# Samples\External_UI\WinFormsSetup\WinFormsSetup.csproj", "{30137696-E13B-4AA8-93F4-3C7C9A70687B}"
	ProjectSection(ProjectDependencies) = postProject
		{611D8893-7D39-4F3C-92D5-0554F780A914} = {611D8893-7D39-4F3C-92D5-0554F780A914}
	EndProjectSection
EndProject
Project("{FAE04EC0-301F-11D3-BF4B-00C04F79EFBC}") = "WpfSetup", "WixSharp.Samples\Wix# Samples\External_UI\WpfSetup\WpfSetup.csproj", "{AD6CAF48-9B9F-4E4A-8C64-D04FB32C4AA7}"
	ProjectSection(ProjectDependencies) = postProject
		{611D8893-7D39-4F3C-92D5-0554F780A914} = {611D8893-7D39-4F3C-92D5-0554F780A914}
	EndProjectSection
EndProject
Project("{2150E333-8FDC-42A3-9474-1A3956D46DE8}") = "Samples", "Samples", "{DB40BEF1-64CF-4308-9740-AF22284F4491}"
EndProject
Project("{2150E333-8FDC-42A3-9474-1A3956D46DE8}") = "Build", "Build", "{109F5B7D-AFE6-4923-B52F-73C5862C04A9}"
	ProjectSection(SolutionItems) = preProject
		build.cmd = build.cmd
		..\bin\package.readme = ..\bin\package.readme
	EndProjectSection
EndProject
Project("{2150E333-8FDC-42A3-9474-1A3956D46DE8}") = ".nuget", ".nuget", "{868894D5-F3D5-470D-8139-9F54B3D003EE}"
EndProject
Project("{FAE04EC0-301F-11D3-BF4B-00C04F79EFBC}") = "EmbeddedUI", "WixSharp.Samples\Wix# Samples\Custom_UI\EmbeddedUI\EmbeddedUI.csproj", "{7EAC5267-58C4-490F-A9AF-BD2C291BB4BE}"
EndProject
Project("{FAE04EC0-301F-11D3-BF4B-00C04F79EFBC}") = "WixSharp.Test", "WixSharp.Test\WixSharp.Test.csproj", "{671374F3-2563-41D4-B5E3-8BCF5CCAE875}"
EndProject
Project("{2150E333-8FDC-42A3-9474-1A3956D46DE8}") = "Managed Setup", "Managed Setup", "{DA107019-87B6-473D-8C9B-1C3A48CB8FD5}"
EndProject
Project("{FAE04EC0-301F-11D3-BF4B-00C04F79EFBC}") = "CustomUI.Sequence", "WixSharp.Samples\Wix# Samples\Managed Setup\CustomUI.Sequence\CustomUI.Sequence.csproj", "{EA35436D-33FA-4710-B57D-C9F349D5EB26}"
EndProject
Project("{FAE04EC0-301F-11D3-BF4B-00C04F79EFBC}") = "CustomUI.Dialog", "WixSharp.Samples\Wix# Samples\Managed Setup\CustomUI.Dialog\CustomUI.Dialog.csproj", "{91003067-7893-4DC3-B2F8-AB93D72467BD}"
EndProject
Project("{FAE04EC0-301F-11D3-BF4B-00C04F79EFBC}") = "Setup Events", "WixSharp.Samples\VSProjects\Setup Events.csproj", "{891474EA-68BD-4CD0-8058-6537B9F9407E}"
EndProject
Project("{FAE04EC0-301F-11D3-BF4B-00C04F79EFBC}") = "EmbeddedUI_WPF", "WixSharp.Samples\Wix# Samples\Custom_UI\EmbeddedUI_WPF\EmbeddedUI_WPF.csproj", "{29DF07CE-4648-47DE-8440-3DB54D49D5D2}"
EndProject
Project("{FAE04EC0-301F-11D3-BF4B-00C04F79EFBC}") = "MultiLanguageUI", "WixSharp.Samples\Wix# Samples\Managed Setup\MultiLanguageUI\MultiLanguageUI.csproj", "{3F5F5E7E-08DB-421B-9F1C-4013EF70736D}"
EndProject
Project("{2150E333-8FDC-42A3-9474-1A3956D46DE8}") = "Solution Items", "Solution Items", "{C5DF539D-C0A0-45DF-BE5B-CEE8F1ACBA05}"
	ProjectSection(SolutionItems) = preProject
		.editorconfig = .editorconfig
	EndProjectSection
EndProject
Project("{FAE04EC0-301F-11D3-BF4B-00C04F79EFBC}") = "CustomUIDialog.WPF", "WixSharp.Samples\Wix# Samples\Managed Setup\CustomUI.WPF\CustomUIDialog.WPF.csproj", "{B7B90CFA-6D46-4DAA-9BD1-0C9EBB1A44AD}"
EndProject
Project("{2150E333-8FDC-42A3-9474-1A3956D46DE8}") = "CustomUI.WPF", "CustomUI.WPF", "{1CFD0B87-E292-41B3-A914-FF8254D4A32C}"
EndProject
Project("{FAE04EC0-301F-11D3-BF4B-00C04F79EFBC}") = "WixSharp.UI.WPF", "WixSharp.UI.WPF\WixSharp.UI.WPF.csproj", "{B8EFFF07-76BC-4E6D-9A13-4E3A0777EB0C}"
EndProject
Project("{FAE04EC0-301F-11D3-BF4B-00C04F79EFBC}") = "CustomUI.WPF.Sequence", "WixSharp.Samples\Wix# Samples\Managed Setup\CustomUI.WPF.Sequence\CustomUI.WPF.Sequence.csproj", "{18EF7DE3-5726-46CF-A2F1-B168D84328B4}"
EndProject
Project("{FAE04EC0-301F-11D3-BF4B-00C04F79EFBC}") = "Self-executable_Msi", "WixSharp.Samples\Wix# Samples\Managed Setup\Self-executable_Msi\Self-executable_Msi.csproj", "{C34D92EB-36E6-4405-8479-8218570D1F76}"
EndProject
Project("{9A19103F-16F7-4668-BE54-9A1E7A4F7556}") = "WixBootstrapper_MsiEmbeddedUI", "WixSharp.Samples\Wix# Samples\Bootstrapper\WixBootstrapper_EmbeddedUI\WixBootstrapper_MsiEmbeddedUI.csproj", "{EF42EF2C-57E0-41FD-96C8-AACC49DDDCCC}"
	ProjectSection(ProjectDependencies) = postProject
		{C34D92EB-36E6-4405-8479-8218570D1F76} = {C34D92EB-36E6-4405-8479-8218570D1F76}
	EndProjectSection
EndProject
Project("{9A19103F-16F7-4668-BE54-9A1E7A4F7556}") = "Install_Files", "WixSharp.Samples\Wix# Samples\Install Files\Install_Files.csproj", "{E72E2077-72CA-4008-A5A3-E98359D68850}"
EndProject
Project("{9A19103F-16F7-4668-BE54-9A1E7A4F7556}") = "AllInOne", "WixSharp.Samples\Wix# Samples\AllInOne\AllInOne.csproj", "{74E08A04-65C4-4DAD-B470-6962B6F223C6}"
EndProject
Project("{9A19103F-16F7-4668-BE54-9A1E7A4F7556}") = "AsyncBuild", "WixSharp.Samples\Wix# Samples\AsyncBuild\AsyncBuild.csproj", "{7C5D64B6-CF2C-46D6-A91D-9AB47FF7BAC9}"
EndProject
Project("{9A19103F-16F7-4668-BE54-9A1E7A4F7556}") = "Certificates", "WixSharp.Samples\Wix# Samples\Certificates\Certificates.csproj", "{5569052C-7DBF-4BC8-A4D3-FAD00E211606}"
EndProject
Project("{9A19103F-16F7-4668-BE54-9A1E7A4F7556}") = "CloseApplication", "WixSharp.Samples\Wix# Samples\CloseApplication\CloseApplication.csproj", "{A4E14D0E-D93E-4CD5-87FF-6E2F57C78ABF}"
EndProject
Project("{9A19103F-16F7-4668-BE54-9A1E7A4F7556}") = "ComServer", "WixSharp.Samples\Wix# Samples\ComServer\ComServer.csproj", "{CCF09D62-A1C4-4DD0-BC72-CBC878CC48F9}"
EndProject
Project("{9A19103F-16F7-4668-BE54-9A1E7A4F7556}") = "Conditional_Installation", "WixSharp.Samples\Wix# Samples\Conditional Installation\Conditional_Installation.csproj", "{5181507E-2B96-4B05-A84F-D6E7A41401C5}"
EndProject
Project("{9A19103F-16F7-4668-BE54-9A1E7A4F7556}") = "CreateUser", "WixSharp.Samples\Wix# Samples\CreateUser\CreateUser.csproj", "{6D11BDCF-4F53-4F87-B704-3B2CBA76E07C}"
EndProject
Project("{9A19103F-16F7-4668-BE54-9A1E7A4F7556}") = "CustomActions", "WixSharp.Samples\Wix# Samples\CustomActions\CustomActions.csproj", "{3D632973-D64B-4AFF-BB84-52693FD4E087}"
EndProject
Project("{9A19103F-16F7-4668-BE54-9A1E7A4F7556}") = "CustomAttributes", "WixSharp.Samples\Wix# Samples\CustomAttributes\CustomAttributes.csproj", "{698AE3CB-BB79-421B-8EB3-255139360163}"
EndProject
Project("{9A19103F-16F7-4668-BE54-9A1E7A4F7556}") = "Custom_IDs", "WixSharp.Samples\Wix# Samples\Custom_IDs\Custom_IDs.csproj", "{DE3BCAD9-86A3-401A-B1E2-8F53730CE032}"
EndProject
Project("{9A19103F-16F7-4668-BE54-9A1E7A4F7556}") = "DeferredActions", "WixSharp.Samples\Wix# Samples\DeferredActions\DeferredActions.csproj", "{B3267DAA-ED32-4DAD-B559-4F2794B3FF3C}"
EndProject
Project("{9A19103F-16F7-4668-BE54-9A1E7A4F7556}") = "Driver", "WixSharp.Samples\Wix# Samples\Driver\Driver.csproj", "{BBD451D0-0E3F-4D8F-B3A9-8444A971A6C7}"
EndProject
Project("{9A19103F-16F7-4668-BE54-9A1E7A4F7556}") = "DTF_(ManagedCA)", "WixSharp.Samples\Wix# Samples\DTF (ManagedCA)\DTF_(ManagedCA).csproj", "{D53F0E38-C90D-485F-AF6B-79D9670D2099}"
EndProject
Project("{9A19103F-16F7-4668-BE54-9A1E7A4F7556}") = "DTF_UI", "WixSharp.Samples\Wix# Samples\DTF_UI\DTF_UI.csproj", "{EF436684-949D-45F5-8A78-947F0447F7DC}"
EndProject
Project("{9A19103F-16F7-4668-BE54-9A1E7A4F7556}") = "Empty_Directories", "WixSharp.Samples\Wix# Samples\Empty Directories\Empty_Directories.csproj", "{01A396D0-4907-4019-ADAC-41EBAF8C0D09}"
EndProject
Project("{9A19103F-16F7-4668-BE54-9A1E7A4F7556}") = "EnvVariables", "WixSharp.Samples\Wix# Samples\EnvVariables\EnvVariables.csproj", "{534C3654-3561-4413-A89C-646DF632ABFD}"
EndProject
Project("{9A19103F-16F7-4668-BE54-9A1E7A4F7556}") = "Extensions", "WixSharp.Samples\Wix# Samples\Extensions\Extensions.csproj", "{A8623626-079B-440F-AD50-7750D2631B72}"
EndProject
Project("{9A19103F-16F7-4668-BE54-9A1E7A4F7556}") = "FeatureConditions", "WixSharp.Samples\Wix# Samples\FeatureConditions\FeatureConditions.csproj", "{627FB239-6866-40C8-8EA7-E00F3310EEB1}"
EndProject
Project("{9A19103F-16F7-4668-BE54-9A1E7A4F7556}") = "Features", "WixSharp.Samples\Wix# Samples\Features\Features.csproj", "{7834D974-0B0D-490C-A5FC-A5AD3A9D3488}"
EndProject
Project("{9A19103F-16F7-4668-BE54-9A1E7A4F7556}") = "FirewallException", "WixSharp.Samples\Wix# Samples\FirewallException\FirewallException.csproj", "{D81E4E31-CC3A-427E-8BEA-E0689C2947CB}"
EndProject
Project("{9A19103F-16F7-4668-BE54-9A1E7A4F7556}") = "GAC", "WixSharp.Samples\Wix# Samples\GAC\GAC.csproj", "{2BCAEFD4-4D15-4197-A841-A0822E9AA973}"
EndProject
Project("{9A19103F-16F7-4668-BE54-9A1E7A4F7556}") = "IniFile", "WixSharp.Samples\Wix# Samples\IniFile\IniFile.csproj", "{B7B8B4F8-51BD-47BB-A29F-C325626FCDFA}"
EndProject
Project("{9A19103F-16F7-4668-BE54-9A1E7A4F7556}") = "InjectXML", "WixSharp.Samples\Wix# Samples\InjectXML\InjectXML.csproj", "{F4879B94-8AC6-43E4-8C62-F5B0579CA472}"
EndProject
Project("{9A19103F-16F7-4668-BE54-9A1E7A4F7556}") = "Install_Font", "WixSharp.Samples\Wix# Samples\Install Font\Install_Font.csproj", "{73A5A107-1D08-427D-B227-4E2CA49DE130}"
EndProject
Project("{9A19103F-16F7-4668-BE54-9A1E7A4F7556}") = "Install_on_x64", "WixSharp.Samples\Wix# Samples\Install on x64\Install_on_x64.csproj", "{B9261A33-FC67-4E58-BFC2-609CB12A4521}"
EndProject
Project("{9A19103F-16F7-4668-BE54-9A1E7A4F7556}") = "InstallDir", "WixSharp.Samples\Wix# Samples\InstallDir\InstallDir.csproj", "{5D0A57BC-61A9-4351-8A3F-CF1885AF4CAC}"
EndProject
Project("{9A19103F-16F7-4668-BE54-9A1E7A4F7556}") = "InstallDir_AbsolutePath", "WixSharp.Samples\Wix# Samples\InstallDir_AbsolutePath\InstallDir_AbsolutePath.csproj", "{8B3E883E-98B6-443C-9046-1DE0A4A6C388}"
EndProject
Project("{9A19103F-16F7-4668-BE54-9A1E7A4F7556}") = "InstallDir_DynamicPath", "WixSharp.Samples\Wix# Samples\InstallDir_DynamicPath\InstallDir_DynamicPath.csproj", "{ABD6A6E0-30CC-4FB3-81CA-D0D1B0FFF818}"
EndProject
Project("{9A19103F-16F7-4668-BE54-9A1E7A4F7556}") = "InstallScope_Dynamically", "WixSharp.Samples\Wix# Samples\InstallScope_Dynamically\InstallScope_Dynamically.csproj", "{43B269AB-8EA7-43C2-8BC1-E1626833B974}"
EndProject
Project("{9A19103F-16F7-4668-BE54-9A1E7A4F7556}") = "LaunchConditions", "WixSharp.Samples\Wix# Samples\LaunchConditions\LaunchConditions.csproj", "{3F43C5EB-F2B5-4B0C-967C-8517D3EAC2C2}"
EndProject
Project("{9A19103F-16F7-4668-BE54-9A1E7A4F7556}") = "Managed_Setup", "WixSharp.Samples\Wix# Samples\Managed Setup\Managed_Setup.csproj", "{9C5D27AB-2E31-4E18-B1F1-4756A56F9692}"
EndProject
Project("{9A19103F-16F7-4668-BE54-9A1E7A4F7556}") = "MultipleInstances_Install", "WixSharp.Samples\Wix# Samples\MultipleInstances Install\MultipleInstances_Install.csproj", "{29EF1BE4-90AD-432D-8FF2-754F491CA536}"
EndProject
Project("{9A19103F-16F7-4668-BE54-9A1E7A4F7556}") = "ODBCDataSource", "WixSharp.Samples\Wix# Samples\ODBCDataSource\ODBCDataSource.csproj", "{E2A6063F-C8CF-4C27-B758-B4E2753B8B68}"
EndProject
Project("{9A19103F-16F7-4668-BE54-9A1E7A4F7556}") = "OnStartUpAction", "WixSharp.Samples\Wix# Samples\OnStartUpAction\OnStartUpAction.csproj", "{76218F51-7477-4AC8-ADE3-FD228C502617}"
EndProject
Project("{9A19103F-16F7-4668-BE54-9A1E7A4F7556}") = "Permissions", "WixSharp.Samples\Wix# Samples\Permissions\Permissions.csproj", "{1FEAD8DB-6122-4988-90AC-4252421A0A46}"
EndProject
Project("{9A19103F-16F7-4668-BE54-9A1E7A4F7556}") = "Persisting_AppInfo", "WixSharp.Samples\Wix# Samples\Persisting AppInfo\Persisting_AppInfo.csproj", "{ED1BFF35-59A5-4FA2-A923-A5F2466CFB20}"
EndProject
Project("{9A19103F-16F7-4668-BE54-9A1E7A4F7556}") = "ProductInfo", "WixSharp.Samples\Wix# Samples\ProductInfo\ProductInfo.csproj", "{059126F0-334C-4BF7-AD9A-696655B9C3E7}"
EndProject
Project("{9A19103F-16F7-4668-BE54-9A1E7A4F7556}") = "Properties", "WixSharp.Samples\Wix# Samples\Properties\Properties.csproj", "{FEA78B30-DA22-48F0-9232-82F7DF8B9EB0}"
EndProject
Project("{9A19103F-16F7-4668-BE54-9A1E7A4F7556}") = "PropertyRef", "WixSharp.Samples\Wix# Samples\PropertyRef\PropertyRef.csproj", "{868B1A48-95D8-4EF5-9341-F50A6C17BA93}"
EndProject
Project("{9A19103F-16F7-4668-BE54-9A1E7A4F7556}") = "Reboot", "WixSharp.Samples\Wix# Samples\Reboot\Reboot.csproj", "{419C5785-E9C4-4149-9356-867D4F50B97C}"
EndProject
Project("{9A19103F-16F7-4668-BE54-9A1E7A4F7556}") = "Registry", "WixSharp.Samples\Wix# Samples\Registry\Registry.csproj", "{729D4241-F3A9-45EF-A802-00D4E06D174C}"
EndProject
Project("{9A19103F-16F7-4668-BE54-9A1E7A4F7556}") = "RegistrySearch", "WixSharp.Samples\Wix# Samples\RegistrySearch\RegistrySearch.csproj", "{28D79580-3A4F-4227-88F1-14D50403530B}"
EndProject
Project("{9A19103F-16F7-4668-BE54-9A1E7A4F7556}") = "Release_Folder", "WixSharp.Samples\Wix# Samples\Release Folder\Release_Folder.csproj", "{F54AABFE-4AD4-4193-BC87-A6F1F1B0A5AE}"
EndProject
Project("{9A19103F-16F7-4668-BE54-9A1E7A4F7556}") = "RestartElevated(UI)", "WixSharp.Samples\Wix# Samples\RestartElevated(UI)\RestartElevated(UI).csproj", "{CA9717E6-7342-441A-BC37-C9F273E7650C}"
EndProject
Project("{9A19103F-16F7-4668-BE54-9A1E7A4F7556}") = "Rollback", "WixSharp.Samples\Wix# Samples\Rollback\Rollback.csproj", "{ACCA4818-F413-417C-ABB3-832E3AA8A811}"
EndProject
Project("{9A19103F-16F7-4668-BE54-9A1E7A4F7556}") = "RunAppAtTheEnd", "WixSharp.Samples\Wix# Samples\RunAppAtTheEnd\RunAppAtTheEnd.csproj", "{3A091622-562A-4273-B872-CE4BF5BD9DC4}"
EndProject
Project("{9A19103F-16F7-4668-BE54-9A1E7A4F7556}") = "SetProperties", "WixSharp.Samples\Wix# Samples\SetProperties\SetProperties.csproj", "{1CD93726-5745-42EB-ABB9-80DE94A45052}"
EndProject
Project("{9A19103F-16F7-4668-BE54-9A1E7A4F7556}") = "Shortcuts", "WixSharp.Samples\Wix# Samples\Shortcuts\Shortcuts.csproj", "{EF89C3D1-F989-4623-BA2B-31A4BD1077ED}"
EndProject
Project("{9A19103F-16F7-4668-BE54-9A1E7A4F7556}") = "Shortcuts_(advertised)", "WixSharp.Samples\Wix# Samples\Shortcuts (advertised)\Shortcuts_(advertised).csproj", "{FE086BF0-B477-4523-98D9-B883AF7D09B3}"
EndProject
Project("{9A19103F-16F7-4668-BE54-9A1E7A4F7556}") = "Shortcuts-2", "WixSharp.Samples\Wix# Samples\Shortcuts-2\Shortcuts-2.csproj", "{BBAA1AA7-A280-4C83-9E6C-1C0957145886}"
EndProject
Project("{9A19103F-16F7-4668-BE54-9A1E7A4F7556}") = "Signing", "WixSharp.Samples\Wix# Samples\Signing\Signing.csproj", "{E8AC0CA0-D314-42F9-9C0F-AC9B2B5ED9B1}"
EndProject
Project("{9A19103F-16F7-4668-BE54-9A1E7A4F7556}") = "Silent_Mode", "WixSharp.Samples\Wix# Samples\Silent Mode\Silent_Mode.csproj", "{7A95B2C7-5D07-4B32-BB26-B8A1F53E41D3}"
EndProject
Project("{9A19103F-16F7-4668-BE54-9A1E7A4F7556}") = "SinglePackageAuthoring", "WixSharp.Samples\Wix# Samples\SinglePackageAuthoring\SinglePackageAuthoring.csproj", "{524B6481-B3DB-401B-90D5-9937100FE44A}"
EndProject
Project("{9A19103F-16F7-4668-BE54-9A1E7A4F7556}") = "Skip_UIDialog", "WixSharp.Samples\Wix# Samples\Skip_UIDialog\Skip_UIDialog.csproj", "{7BF35B5A-F1A8-49F9-B894-A802E76558D0}"
EndProject
Project("{9A19103F-16F7-4668-BE54-9A1E7A4F7556}") = "SourceBaseDir", "WixSharp.Samples\Wix# Samples\SourceBaseDir\SourceBaseDir.csproj", "{E026423C-33BD-4745-97A5-688962D63580}"
EndProject
Project("{9A19103F-16F7-4668-BE54-9A1E7A4F7556}") = "SqlDatabase", "WixSharp.Samples\Wix# Samples\SqlDatabase\SqlDatabase.csproj", "{7AA54542-2A4B-49C1-B965-D5A071FEFBDE}"
EndProject
Project("{9A19103F-16F7-4668-BE54-9A1E7A4F7556}") = "UrlReservation", "WixSharp.Samples\Wix# Samples\UrlReservation\UrlReservation.csproj", "{3FD2C66F-68BD-4D50-A71C-17D1A4E1FA50}"
EndProject
Project("{9A19103F-16F7-4668-BE54-9A1E7A4F7556}") = "WildCard_Files", "WixSharp.Samples\Wix# Samples\WildCard Files\WildCard_Files.csproj", "{2BAAC609-B8E0-4687-B7D4-52EABA616344}"
EndProject
Project("{9A19103F-16F7-4668-BE54-9A1E7A4F7556}") = "Simplified_Bootstrapper", "WixSharp.Samples\Wix# Samples\Bootstrapper\Simplified Bootstrapper\Simplified_Bootstrapper.csproj", "{578DBF52-C0B1-4041-8FB6-70599A95AD13}"
EndProject
Project("{9A19103F-16F7-4668-BE54-9A1E7A4F7556}") = "Consuming_MergeModule", "WixSharp.Samples\Wix# Samples\MergeModules\Consuming MergeModule\Consuming_MergeModule.csproj", "{CEF62731-C759-4678-8599-7957B051517B}"
EndProject
Project("{9A19103F-16F7-4668-BE54-9A1E7A4F7556}") = "Embedding_CA_Package", "WixSharp.Samples\Wix# Samples\DTF (ManagedCA)\Different Scenarios\Embedding_CA_Package\Embedding_CA_Package.csproj", "{52E5D916-02F2-40AC-84C2-45BA165A6E33}"
EndProject
Project("{9A19103F-16F7-4668-BE54-9A1E7A4F7556}") = "AdminInstall", "WixSharp.Samples\Wix# Samples\AdminInstall\AdminInstall.csproj", "{372D2A09-D802-4876-8800-6F03EBE4066C}"
EndProject
Project("{2150E333-8FDC-42A3-9474-1A3956D46DE8}") = "MajorUpgrade", "MajorUpgrade", "{39222AA6-165A-4E4E-8D31-737A6117D278}"
EndProject
Project("{2150E333-8FDC-42A3-9474-1A3956D46DE8}") = "Bootstrapper", "Bootstrapper", "{5D69978C-B7F0-4CCE-9BC5-B27AEF529A1D}"
EndProject
Project("{9A19103F-16F7-4668-BE54-9A1E7A4F7556}") = "NsisBootstrapper", "WixSharp.Samples\Wix# Samples\Bootstrapper\NsisBootstrapper\NsisBootstrapper.csproj", "{0D3B3378-9F54-4EAB-A9B4-49CD6E5EED19}"
EndProject
Project("{9A19103F-16F7-4668-BE54-9A1E7A4F7556}") = "MajorUpgrade", "WixSharp.Samples\Wix# Samples\MajorUpgrade\MajorUpgrade.csproj", "{816856D2-7B2C-4DE7-86D0-62D14433AA5E}"
	ProjectSection(ProjectDependencies) = postProject
		{E46D0BC6-80B9-4139-9D07-29813E0951A0} = {E46D0BC6-80B9-4139-9D07-29813E0951A0}
	EndProjectSection
EndProject
Project("{9A19103F-16F7-4668-BE54-9A1E7A4F7556}") = "MajorUpgrade1", "WixSharp.Samples\Wix# Samples\MajorUpgrade\MajorUpgrade1.csproj", "{E46D0BC6-80B9-4139-9D07-29813E0951A0}"
	ProjectSection(ProjectDependencies) = postProject
		{35C4150A-848D-48A5-8E58-3F8D9C0079B5} = {35C4150A-848D-48A5-8E58-3F8D9C0079B5}
	EndProjectSection
EndProject
Project("{9A19103F-16F7-4668-BE54-9A1E7A4F7556}") = "MajorUpgrade2", "WixSharp.Samples\Wix# Samples\MajorUpgrade\MajorUpgrade2.csproj", "{35C4150A-848D-48A5-8E58-3F8D9C0079B5}"
EndProject
Project("{9A19103F-16F7-4668-BE54-9A1E7A4F7556}") = "WixBootstrapper", "WixSharp.Samples\Wix# Samples\Bootstrapper\WixBootstrapper\WixBootstrapper.csproj", "{2F8E4336-ECA6-4F7B-A202-6FA3EF5ACF87}"
EndProject
Project("{9A19103F-16F7-4668-BE54-9A1E7A4F7556}") = "WixBootstrapper_NoUI", "WixSharp.Samples\Wix# Samples\Bootstrapper\WixBootstrapper_NoUI\WixBootstrapper_NoUI.csproj", "{32792E0B-6AAA-41D8-909D-FA3FE0C2383A}"
EndProject
Project("{9A19103F-16F7-4668-BE54-9A1E7A4F7556}") = "WixBootstrapper_UI", "WixSharp.Samples\Wix# Samples\Bootstrapper\WixBootstrapper_UI\WixBootstrapper_UI.csproj", "{A6313F2F-6CF4-410A-8359-BFB873ACCB48}"
EndProject
Project("{FAE04EC0-301F-11D3-BF4B-00C04F79EFBC}") = "MultiLanguageSupport", "WixSharp.Samples\Wix# Samples\Bootstrapper\MultiLanguageSupport\MultiLanguageSupport.csproj", "{A98509CB-5865-4C60-8E9E-B2B38A6B054D}"
EndProject
Global
	GlobalSection(SolutionConfigurationPlatforms) = preSolution
		Debug|Any CPU = Debug|Any CPU
		Debug|x86 = Debug|x86
		Release|Any CPU = Release|Any CPU
		Release|x86 = Release|x86
	EndGlobalSection
	GlobalSection(ProjectConfigurationPlatforms) = postSolution
		{8860B29B-749F-4925-86C8-F9C4B93C9DA5}.Debug|Any CPU.ActiveCfg = Debug|Any CPU
		{8860B29B-749F-4925-86C8-F9C4B93C9DA5}.Debug|Any CPU.Build.0 = Debug|Any CPU
		{8860B29B-749F-4925-86C8-F9C4B93C9DA5}.Debug|x86.ActiveCfg = Debug|Any CPU
		{8860B29B-749F-4925-86C8-F9C4B93C9DA5}.Debug|x86.Build.0 = Debug|Any CPU
		{8860B29B-749F-4925-86C8-F9C4B93C9DA5}.Release|Any CPU.ActiveCfg = Release|Any CPU
		{8860B29B-749F-4925-86C8-F9C4B93C9DA5}.Release|Any CPU.Build.0 = Release|Any CPU
		{8860B29B-749F-4925-86C8-F9C4B93C9DA5}.Release|x86.ActiveCfg = Release|Any CPU
		{8860B29B-749F-4925-86C8-F9C4B93C9DA5}.Release|x86.Build.0 = Release|Any CPU
		{79033A3E-565E-47A3-93F6-D95789B024FC}.Debug|Any CPU.ActiveCfg = Debug|x86
		{79033A3E-565E-47A3-93F6-D95789B024FC}.Debug|Any CPU.Build.0 = Debug|x86
		{79033A3E-565E-47A3-93F6-D95789B024FC}.Debug|x86.ActiveCfg = Debug|x86
		{79033A3E-565E-47A3-93F6-D95789B024FC}.Debug|x86.Build.0 = Debug|x86
		{79033A3E-565E-47A3-93F6-D95789B024FC}.Release|Any CPU.ActiveCfg = Release|x86
		{79033A3E-565E-47A3-93F6-D95789B024FC}.Release|Any CPU.Build.0 = Release|x86
		{79033A3E-565E-47A3-93F6-D95789B024FC}.Release|x86.ActiveCfg = Release|x86
		{79033A3E-565E-47A3-93F6-D95789B024FC}.Release|x86.Build.0 = Release|x86
		{D46D6FCD-03E4-499F-9ECF-A570E2E0EA51}.Debug|Any CPU.ActiveCfg = Debug|Any CPU
		{D46D6FCD-03E4-499F-9ECF-A570E2E0EA51}.Debug|Any CPU.Build.0 = Debug|Any CPU
		{D46D6FCD-03E4-499F-9ECF-A570E2E0EA51}.Debug|x86.ActiveCfg = Debug|Any CPU
		{D46D6FCD-03E4-499F-9ECF-A570E2E0EA51}.Debug|x86.Build.0 = Debug|Any CPU
		{D46D6FCD-03E4-499F-9ECF-A570E2E0EA51}.Release|Any CPU.ActiveCfg = Release|Any CPU
		{D46D6FCD-03E4-499F-9ECF-A570E2E0EA51}.Release|Any CPU.Build.0 = Release|Any CPU
		{D46D6FCD-03E4-499F-9ECF-A570E2E0EA51}.Release|x86.ActiveCfg = Release|Any CPU
		{D46D6FCD-03E4-499F-9ECF-A570E2E0EA51}.Release|x86.Build.0 = Release|Any CPU
		{611D8893-7D39-4F3C-92D5-0554F780A914}.Debug|Any CPU.ActiveCfg = Debug|Any CPU
		{611D8893-7D39-4F3C-92D5-0554F780A914}.Debug|Any CPU.Build.0 = Debug|Any CPU
		{611D8893-7D39-4F3C-92D5-0554F780A914}.Debug|x86.ActiveCfg = Debug|Any CPU
		{611D8893-7D39-4F3C-92D5-0554F780A914}.Debug|x86.Build.0 = Debug|Any CPU
		{611D8893-7D39-4F3C-92D5-0554F780A914}.Release|Any CPU.ActiveCfg = Release|Any CPU
		{611D8893-7D39-4F3C-92D5-0554F780A914}.Release|Any CPU.Build.0 = Release|Any CPU
		{611D8893-7D39-4F3C-92D5-0554F780A914}.Release|x86.ActiveCfg = Release|Any CPU
		{611D8893-7D39-4F3C-92D5-0554F780A914}.Release|x86.Build.0 = Release|Any CPU
		{5183E3A8-3F40-4A00-9696-DB2EF0D895A4}.Debug|Any CPU.ActiveCfg = Debug|Any CPU
		{5183E3A8-3F40-4A00-9696-DB2EF0D895A4}.Debug|Any CPU.Build.0 = Debug|Any CPU
		{5183E3A8-3F40-4A00-9696-DB2EF0D895A4}.Debug|x86.ActiveCfg = Debug|Any CPU
		{5183E3A8-3F40-4A00-9696-DB2EF0D895A4}.Debug|x86.Build.0 = Debug|Any CPU
		{5183E3A8-3F40-4A00-9696-DB2EF0D895A4}.Release|Any CPU.ActiveCfg = Release|Any CPU
		{5183E3A8-3F40-4A00-9696-DB2EF0D895A4}.Release|Any CPU.Build.0 = Release|Any CPU
		{5183E3A8-3F40-4A00-9696-DB2EF0D895A4}.Release|x86.ActiveCfg = Release|Any CPU
		{5183E3A8-3F40-4A00-9696-DB2EF0D895A4}.Release|x86.Build.0 = Release|Any CPU
		{30137696-E13B-4AA8-93F4-3C7C9A70687B}.Debug|Any CPU.ActiveCfg = Debug|Any CPU
		{30137696-E13B-4AA8-93F4-3C7C9A70687B}.Debug|Any CPU.Build.0 = Debug|Any CPU
		{30137696-E13B-4AA8-93F4-3C7C9A70687B}.Debug|x86.ActiveCfg = Debug|Any CPU
		{30137696-E13B-4AA8-93F4-3C7C9A70687B}.Debug|x86.Build.0 = Debug|Any CPU
		{30137696-E13B-4AA8-93F4-3C7C9A70687B}.Release|Any CPU.ActiveCfg = Release|Any CPU
		{30137696-E13B-4AA8-93F4-3C7C9A70687B}.Release|Any CPU.Build.0 = Release|Any CPU
		{30137696-E13B-4AA8-93F4-3C7C9A70687B}.Release|x86.ActiveCfg = Release|Any CPU
		{30137696-E13B-4AA8-93F4-3C7C9A70687B}.Release|x86.Build.0 = Release|Any CPU
		{AD6CAF48-9B9F-4E4A-8C64-D04FB32C4AA7}.Debug|Any CPU.ActiveCfg = Debug|Any CPU
		{AD6CAF48-9B9F-4E4A-8C64-D04FB32C4AA7}.Debug|Any CPU.Build.0 = Debug|Any CPU
		{AD6CAF48-9B9F-4E4A-8C64-D04FB32C4AA7}.Debug|x86.ActiveCfg = Debug|Any CPU
		{AD6CAF48-9B9F-4E4A-8C64-D04FB32C4AA7}.Debug|x86.Build.0 = Debug|Any CPU
		{AD6CAF48-9B9F-4E4A-8C64-D04FB32C4AA7}.Release|Any CPU.ActiveCfg = Release|Any CPU
		{AD6CAF48-9B9F-4E4A-8C64-D04FB32C4AA7}.Release|Any CPU.Build.0 = Release|Any CPU
		{AD6CAF48-9B9F-4E4A-8C64-D04FB32C4AA7}.Release|x86.ActiveCfg = Release|Any CPU
		{AD6CAF48-9B9F-4E4A-8C64-D04FB32C4AA7}.Release|x86.Build.0 = Release|Any CPU
		{7EAC5267-58C4-490F-A9AF-BD2C291BB4BE}.Debug|Any CPU.ActiveCfg = Debug|Any CPU
		{7EAC5267-58C4-490F-A9AF-BD2C291BB4BE}.Debug|Any CPU.Build.0 = Debug|Any CPU
		{7EAC5267-58C4-490F-A9AF-BD2C291BB4BE}.Debug|x86.ActiveCfg = Debug|Any CPU
		{7EAC5267-58C4-490F-A9AF-BD2C291BB4BE}.Debug|x86.Build.0 = Debug|Any CPU
		{7EAC5267-58C4-490F-A9AF-BD2C291BB4BE}.Release|Any CPU.ActiveCfg = Release|Any CPU
		{7EAC5267-58C4-490F-A9AF-BD2C291BB4BE}.Release|Any CPU.Build.0 = Release|Any CPU
		{7EAC5267-58C4-490F-A9AF-BD2C291BB4BE}.Release|x86.ActiveCfg = Release|Any CPU
		{7EAC5267-58C4-490F-A9AF-BD2C291BB4BE}.Release|x86.Build.0 = Release|Any CPU
		{671374F3-2563-41D4-B5E3-8BCF5CCAE875}.Debug|Any CPU.ActiveCfg = Debug|Any CPU
		{671374F3-2563-41D4-B5E3-8BCF5CCAE875}.Debug|Any CPU.Build.0 = Debug|Any CPU
		{671374F3-2563-41D4-B5E3-8BCF5CCAE875}.Debug|x86.ActiveCfg = Debug|Any CPU
		{671374F3-2563-41D4-B5E3-8BCF5CCAE875}.Debug|x86.Build.0 = Debug|Any CPU
		{671374F3-2563-41D4-B5E3-8BCF5CCAE875}.Release|Any CPU.ActiveCfg = Release|Any CPU
		{671374F3-2563-41D4-B5E3-8BCF5CCAE875}.Release|Any CPU.Build.0 = Release|Any CPU
		{671374F3-2563-41D4-B5E3-8BCF5CCAE875}.Release|x86.ActiveCfg = Release|Any CPU
		{671374F3-2563-41D4-B5E3-8BCF5CCAE875}.Release|x86.Build.0 = Release|Any CPU
		{EA35436D-33FA-4710-B57D-C9F349D5EB26}.Debug|Any CPU.ActiveCfg = Debug|Any CPU
		{EA35436D-33FA-4710-B57D-C9F349D5EB26}.Debug|Any CPU.Build.0 = Debug|Any CPU
		{EA35436D-33FA-4710-B57D-C9F349D5EB26}.Debug|x86.ActiveCfg = Debug|Any CPU
		{EA35436D-33FA-4710-B57D-C9F349D5EB26}.Debug|x86.Build.0 = Debug|Any CPU
		{EA35436D-33FA-4710-B57D-C9F349D5EB26}.Release|Any CPU.ActiveCfg = Release|Any CPU
		{EA35436D-33FA-4710-B57D-C9F349D5EB26}.Release|Any CPU.Build.0 = Release|Any CPU
		{EA35436D-33FA-4710-B57D-C9F349D5EB26}.Release|x86.ActiveCfg = Release|Any CPU
		{EA35436D-33FA-4710-B57D-C9F349D5EB26}.Release|x86.Build.0 = Release|Any CPU
		{91003067-7893-4DC3-B2F8-AB93D72467BD}.Debug|Any CPU.ActiveCfg = Debug|Any CPU
		{91003067-7893-4DC3-B2F8-AB93D72467BD}.Debug|Any CPU.Build.0 = Debug|Any CPU
		{91003067-7893-4DC3-B2F8-AB93D72467BD}.Debug|x86.ActiveCfg = Debug|Any CPU
		{91003067-7893-4DC3-B2F8-AB93D72467BD}.Debug|x86.Build.0 = Debug|Any CPU
		{91003067-7893-4DC3-B2F8-AB93D72467BD}.Release|Any CPU.ActiveCfg = Release|Any CPU
		{91003067-7893-4DC3-B2F8-AB93D72467BD}.Release|Any CPU.Build.0 = Release|Any CPU
		{91003067-7893-4DC3-B2F8-AB93D72467BD}.Release|x86.ActiveCfg = Release|Any CPU
		{91003067-7893-4DC3-B2F8-AB93D72467BD}.Release|x86.Build.0 = Release|Any CPU
		{891474EA-68BD-4CD0-8058-6537B9F9407E}.Debug|Any CPU.ActiveCfg = Debug|Any CPU
		{891474EA-68BD-4CD0-8058-6537B9F9407E}.Debug|Any CPU.Build.0 = Debug|Any CPU
		{891474EA-68BD-4CD0-8058-6537B9F9407E}.Debug|x86.ActiveCfg = Debug|Any CPU
		{891474EA-68BD-4CD0-8058-6537B9F9407E}.Debug|x86.Build.0 = Debug|Any CPU
		{891474EA-68BD-4CD0-8058-6537B9F9407E}.Release|Any CPU.ActiveCfg = Release|Any CPU
		{891474EA-68BD-4CD0-8058-6537B9F9407E}.Release|Any CPU.Build.0 = Release|Any CPU
		{891474EA-68BD-4CD0-8058-6537B9F9407E}.Release|x86.ActiveCfg = Release|Any CPU
		{891474EA-68BD-4CD0-8058-6537B9F9407E}.Release|x86.Build.0 = Release|Any CPU
		{29DF07CE-4648-47DE-8440-3DB54D49D5D2}.Debug|Any CPU.ActiveCfg = Debug|Any CPU
		{29DF07CE-4648-47DE-8440-3DB54D49D5D2}.Debug|Any CPU.Build.0 = Debug|Any CPU
		{29DF07CE-4648-47DE-8440-3DB54D49D5D2}.Debug|x86.ActiveCfg = Debug|Any CPU
		{29DF07CE-4648-47DE-8440-3DB54D49D5D2}.Debug|x86.Build.0 = Debug|Any CPU
		{29DF07CE-4648-47DE-8440-3DB54D49D5D2}.Release|Any CPU.ActiveCfg = Release|Any CPU
		{29DF07CE-4648-47DE-8440-3DB54D49D5D2}.Release|Any CPU.Build.0 = Release|Any CPU
		{29DF07CE-4648-47DE-8440-3DB54D49D5D2}.Release|x86.ActiveCfg = Release|Any CPU
		{29DF07CE-4648-47DE-8440-3DB54D49D5D2}.Release|x86.Build.0 = Release|Any CPU
		{3F5F5E7E-08DB-421B-9F1C-4013EF70736D}.Debug|Any CPU.ActiveCfg = Debug|Any CPU
		{3F5F5E7E-08DB-421B-9F1C-4013EF70736D}.Debug|Any CPU.Build.0 = Debug|Any CPU
		{3F5F5E7E-08DB-421B-9F1C-4013EF70736D}.Debug|x86.ActiveCfg = Debug|Any CPU
		{3F5F5E7E-08DB-421B-9F1C-4013EF70736D}.Debug|x86.Build.0 = Debug|Any CPU
		{3F5F5E7E-08DB-421B-9F1C-4013EF70736D}.Release|Any CPU.ActiveCfg = Release|Any CPU
		{3F5F5E7E-08DB-421B-9F1C-4013EF70736D}.Release|Any CPU.Build.0 = Release|Any CPU
		{3F5F5E7E-08DB-421B-9F1C-4013EF70736D}.Release|x86.ActiveCfg = Release|Any CPU
		{3F5F5E7E-08DB-421B-9F1C-4013EF70736D}.Release|x86.Build.0 = Release|Any CPU
		{B7B90CFA-6D46-4DAA-9BD1-0C9EBB1A44AD}.Debug|Any CPU.ActiveCfg = Debug|Any CPU
		{B7B90CFA-6D46-4DAA-9BD1-0C9EBB1A44AD}.Debug|Any CPU.Build.0 = Debug|Any CPU
		{B7B90CFA-6D46-4DAA-9BD1-0C9EBB1A44AD}.Debug|x86.ActiveCfg = Debug|Any CPU
		{B7B90CFA-6D46-4DAA-9BD1-0C9EBB1A44AD}.Debug|x86.Build.0 = Debug|Any CPU
		{B7B90CFA-6D46-4DAA-9BD1-0C9EBB1A44AD}.Release|Any CPU.ActiveCfg = Release|Any CPU
		{B7B90CFA-6D46-4DAA-9BD1-0C9EBB1A44AD}.Release|Any CPU.Build.0 = Release|Any CPU
		{B7B90CFA-6D46-4DAA-9BD1-0C9EBB1A44AD}.Release|x86.ActiveCfg = Release|Any CPU
		{B7B90CFA-6D46-4DAA-9BD1-0C9EBB1A44AD}.Release|x86.Build.0 = Release|Any CPU
		{B8EFFF07-76BC-4E6D-9A13-4E3A0777EB0C}.Debug|Any CPU.ActiveCfg = Debug|Any CPU
		{B8EFFF07-76BC-4E6D-9A13-4E3A0777EB0C}.Debug|Any CPU.Build.0 = Debug|Any CPU
		{B8EFFF07-76BC-4E6D-9A13-4E3A0777EB0C}.Debug|x86.ActiveCfg = Debug|Any CPU
		{B8EFFF07-76BC-4E6D-9A13-4E3A0777EB0C}.Debug|x86.Build.0 = Debug|Any CPU
		{B8EFFF07-76BC-4E6D-9A13-4E3A0777EB0C}.Release|Any CPU.ActiveCfg = Release|Any CPU
		{B8EFFF07-76BC-4E6D-9A13-4E3A0777EB0C}.Release|Any CPU.Build.0 = Release|Any CPU
		{B8EFFF07-76BC-4E6D-9A13-4E3A0777EB0C}.Release|x86.ActiveCfg = Release|Any CPU
		{B8EFFF07-76BC-4E6D-9A13-4E3A0777EB0C}.Release|x86.Build.0 = Release|Any CPU
		{18EF7DE3-5726-46CF-A2F1-B168D84328B4}.Debug|Any CPU.ActiveCfg = Debug|Any CPU
		{18EF7DE3-5726-46CF-A2F1-B168D84328B4}.Debug|Any CPU.Build.0 = Debug|Any CPU
		{18EF7DE3-5726-46CF-A2F1-B168D84328B4}.Debug|x86.ActiveCfg = Debug|Any CPU
		{18EF7DE3-5726-46CF-A2F1-B168D84328B4}.Debug|x86.Build.0 = Debug|Any CPU
		{18EF7DE3-5726-46CF-A2F1-B168D84328B4}.Release|Any CPU.ActiveCfg = Release|Any CPU
		{18EF7DE3-5726-46CF-A2F1-B168D84328B4}.Release|Any CPU.Build.0 = Release|Any CPU
		{18EF7DE3-5726-46CF-A2F1-B168D84328B4}.Release|x86.ActiveCfg = Release|Any CPU
		{18EF7DE3-5726-46CF-A2F1-B168D84328B4}.Release|x86.Build.0 = Release|Any CPU
		{C34D92EB-36E6-4405-8479-8218570D1F76}.Debug|Any CPU.ActiveCfg = Debug|Any CPU
		{C34D92EB-36E6-4405-8479-8218570D1F76}.Debug|Any CPU.Build.0 = Debug|Any CPU
		{C34D92EB-36E6-4405-8479-8218570D1F76}.Debug|x86.ActiveCfg = Debug|Any CPU
		{C34D92EB-36E6-4405-8479-8218570D1F76}.Debug|x86.Build.0 = Debug|Any CPU
		{C34D92EB-36E6-4405-8479-8218570D1F76}.Release|Any CPU.ActiveCfg = Release|Any CPU
		{C34D92EB-36E6-4405-8479-8218570D1F76}.Release|Any CPU.Build.0 = Release|Any CPU
		{C34D92EB-36E6-4405-8479-8218570D1F76}.Release|x86.ActiveCfg = Release|Any CPU
		{C34D92EB-36E6-4405-8479-8218570D1F76}.Release|x86.Build.0 = Release|Any CPU
		{EF42EF2C-57E0-41FD-96C8-AACC49DDDCCC}.Debug|Any CPU.ActiveCfg = Debug|Any CPU
		{EF42EF2C-57E0-41FD-96C8-AACC49DDDCCC}.Debug|Any CPU.Build.0 = Debug|Any CPU
		{EF42EF2C-57E0-41FD-96C8-AACC49DDDCCC}.Debug|x86.ActiveCfg = Debug|Any CPU
		{EF42EF2C-57E0-41FD-96C8-AACC49DDDCCC}.Debug|x86.Build.0 = Debug|Any CPU
		{EF42EF2C-57E0-41FD-96C8-AACC49DDDCCC}.Release|Any CPU.ActiveCfg = Release|Any CPU
		{EF42EF2C-57E0-41FD-96C8-AACC49DDDCCC}.Release|Any CPU.Build.0 = Release|Any CPU
		{EF42EF2C-57E0-41FD-96C8-AACC49DDDCCC}.Release|x86.ActiveCfg = Release|Any CPU
		{EF42EF2C-57E0-41FD-96C8-AACC49DDDCCC}.Release|x86.Build.0 = Release|Any CPU
		{E72E2077-72CA-4008-A5A3-E98359D68850}.Debug|Any CPU.ActiveCfg = Debug|Any CPU
		{E72E2077-72CA-4008-A5A3-E98359D68850}.Debug|Any CPU.Build.0 = Debug|Any CPU
		{E72E2077-72CA-4008-A5A3-E98359D68850}.Debug|x86.ActiveCfg = Debug|Any CPU
		{E72E2077-72CA-4008-A5A3-E98359D68850}.Debug|x86.Build.0 = Debug|Any CPU
		{E72E2077-72CA-4008-A5A3-E98359D68850}.Release|Any CPU.ActiveCfg = Release|Any CPU
		{E72E2077-72CA-4008-A5A3-E98359D68850}.Release|Any CPU.Build.0 = Release|Any CPU
		{E72E2077-72CA-4008-A5A3-E98359D68850}.Release|x86.ActiveCfg = Release|Any CPU
		{E72E2077-72CA-4008-A5A3-E98359D68850}.Release|x86.Build.0 = Release|Any CPU
		{74E08A04-65C4-4DAD-B470-6962B6F223C6}.Debug|Any CPU.ActiveCfg = Debug|Any CPU
		{74E08A04-65C4-4DAD-B470-6962B6F223C6}.Debug|Any CPU.Build.0 = Debug|Any CPU
		{74E08A04-65C4-4DAD-B470-6962B6F223C6}.Debug|x86.ActiveCfg = Debug|Any CPU
		{74E08A04-65C4-4DAD-B470-6962B6F223C6}.Debug|x86.Build.0 = Debug|Any CPU
		{74E08A04-65C4-4DAD-B470-6962B6F223C6}.Release|Any CPU.ActiveCfg = Release|Any CPU
		{74E08A04-65C4-4DAD-B470-6962B6F223C6}.Release|Any CPU.Build.0 = Release|Any CPU
		{74E08A04-65C4-4DAD-B470-6962B6F223C6}.Release|x86.ActiveCfg = Release|Any CPU
		{74E08A04-65C4-4DAD-B470-6962B6F223C6}.Release|x86.Build.0 = Release|Any CPU
		{7C5D64B6-CF2C-46D6-A91D-9AB47FF7BAC9}.Debug|Any CPU.ActiveCfg = Debug|Any CPU
		{7C5D64B6-CF2C-46D6-A91D-9AB47FF7BAC9}.Debug|Any CPU.Build.0 = Debug|Any CPU
		{7C5D64B6-CF2C-46D6-A91D-9AB47FF7BAC9}.Debug|x86.ActiveCfg = Debug|Any CPU
		{7C5D64B6-CF2C-46D6-A91D-9AB47FF7BAC9}.Debug|x86.Build.0 = Debug|Any CPU
		{7C5D64B6-CF2C-46D6-A91D-9AB47FF7BAC9}.Release|Any CPU.ActiveCfg = Release|Any CPU
		{7C5D64B6-CF2C-46D6-A91D-9AB47FF7BAC9}.Release|Any CPU.Build.0 = Release|Any CPU
		{7C5D64B6-CF2C-46D6-A91D-9AB47FF7BAC9}.Release|x86.ActiveCfg = Release|Any CPU
		{7C5D64B6-CF2C-46D6-A91D-9AB47FF7BAC9}.Release|x86.Build.0 = Release|Any CPU
		{5569052C-7DBF-4BC8-A4D3-FAD00E211606}.Debug|Any CPU.ActiveCfg = Debug|Any CPU
		{5569052C-7DBF-4BC8-A4D3-FAD00E211606}.Debug|Any CPU.Build.0 = Debug|Any CPU
		{5569052C-7DBF-4BC8-A4D3-FAD00E211606}.Debug|x86.ActiveCfg = Debug|Any CPU
		{5569052C-7DBF-4BC8-A4D3-FAD00E211606}.Debug|x86.Build.0 = Debug|Any CPU
		{5569052C-7DBF-4BC8-A4D3-FAD00E211606}.Release|Any CPU.ActiveCfg = Release|Any CPU
		{5569052C-7DBF-4BC8-A4D3-FAD00E211606}.Release|Any CPU.Build.0 = Release|Any CPU
		{5569052C-7DBF-4BC8-A4D3-FAD00E211606}.Release|x86.ActiveCfg = Release|Any CPU
		{5569052C-7DBF-4BC8-A4D3-FAD00E211606}.Release|x86.Build.0 = Release|Any CPU
		{A4E14D0E-D93E-4CD5-87FF-6E2F57C78ABF}.Debug|Any CPU.ActiveCfg = Debug|Any CPU
		{A4E14D0E-D93E-4CD5-87FF-6E2F57C78ABF}.Debug|Any CPU.Build.0 = Debug|Any CPU
		{A4E14D0E-D93E-4CD5-87FF-6E2F57C78ABF}.Debug|x86.ActiveCfg = Debug|Any CPU
		{A4E14D0E-D93E-4CD5-87FF-6E2F57C78ABF}.Debug|x86.Build.0 = Debug|Any CPU
		{A4E14D0E-D93E-4CD5-87FF-6E2F57C78ABF}.Release|Any CPU.ActiveCfg = Release|Any CPU
		{A4E14D0E-D93E-4CD5-87FF-6E2F57C78ABF}.Release|Any CPU.Build.0 = Release|Any CPU
		{A4E14D0E-D93E-4CD5-87FF-6E2F57C78ABF}.Release|x86.ActiveCfg = Release|Any CPU
		{A4E14D0E-D93E-4CD5-87FF-6E2F57C78ABF}.Release|x86.Build.0 = Release|Any CPU
		{CCF09D62-A1C4-4DD0-BC72-CBC878CC48F9}.Debug|Any CPU.ActiveCfg = Debug|Any CPU
		{CCF09D62-A1C4-4DD0-BC72-CBC878CC48F9}.Debug|Any CPU.Build.0 = Debug|Any CPU
		{CCF09D62-A1C4-4DD0-BC72-CBC878CC48F9}.Debug|x86.ActiveCfg = Debug|Any CPU
		{CCF09D62-A1C4-4DD0-BC72-CBC878CC48F9}.Debug|x86.Build.0 = Debug|Any CPU
		{CCF09D62-A1C4-4DD0-BC72-CBC878CC48F9}.Release|Any CPU.ActiveCfg = Release|Any CPU
		{CCF09D62-A1C4-4DD0-BC72-CBC878CC48F9}.Release|Any CPU.Build.0 = Release|Any CPU
		{CCF09D62-A1C4-4DD0-BC72-CBC878CC48F9}.Release|x86.ActiveCfg = Release|Any CPU
		{CCF09D62-A1C4-4DD0-BC72-CBC878CC48F9}.Release|x86.Build.0 = Release|Any CPU
		{5181507E-2B96-4B05-A84F-D6E7A41401C5}.Debug|Any CPU.ActiveCfg = Debug|Any CPU
		{5181507E-2B96-4B05-A84F-D6E7A41401C5}.Debug|Any CPU.Build.0 = Debug|Any CPU
		{5181507E-2B96-4B05-A84F-D6E7A41401C5}.Debug|x86.ActiveCfg = Debug|Any CPU
		{5181507E-2B96-4B05-A84F-D6E7A41401C5}.Debug|x86.Build.0 = Debug|Any CPU
		{5181507E-2B96-4B05-A84F-D6E7A41401C5}.Release|Any CPU.ActiveCfg = Release|Any CPU
		{5181507E-2B96-4B05-A84F-D6E7A41401C5}.Release|Any CPU.Build.0 = Release|Any CPU
		{5181507E-2B96-4B05-A84F-D6E7A41401C5}.Release|x86.ActiveCfg = Release|Any CPU
		{5181507E-2B96-4B05-A84F-D6E7A41401C5}.Release|x86.Build.0 = Release|Any CPU
		{6D11BDCF-4F53-4F87-B704-3B2CBA76E07C}.Debug|Any CPU.ActiveCfg = Debug|Any CPU
		{6D11BDCF-4F53-4F87-B704-3B2CBA76E07C}.Debug|Any CPU.Build.0 = Debug|Any CPU
		{6D11BDCF-4F53-4F87-B704-3B2CBA76E07C}.Debug|x86.ActiveCfg = Debug|Any CPU
		{6D11BDCF-4F53-4F87-B704-3B2CBA76E07C}.Debug|x86.Build.0 = Debug|Any CPU
		{6D11BDCF-4F53-4F87-B704-3B2CBA76E07C}.Release|Any CPU.ActiveCfg = Release|Any CPU
		{6D11BDCF-4F53-4F87-B704-3B2CBA76E07C}.Release|Any CPU.Build.0 = Release|Any CPU
		{6D11BDCF-4F53-4F87-B704-3B2CBA76E07C}.Release|x86.ActiveCfg = Release|Any CPU
		{6D11BDCF-4F53-4F87-B704-3B2CBA76E07C}.Release|x86.Build.0 = Release|Any CPU
		{3D632973-D64B-4AFF-BB84-52693FD4E087}.Debug|Any CPU.ActiveCfg = Debug|Any CPU
		{3D632973-D64B-4AFF-BB84-52693FD4E087}.Debug|Any CPU.Build.0 = Debug|Any CPU
		{3D632973-D64B-4AFF-BB84-52693FD4E087}.Debug|x86.ActiveCfg = Debug|Any CPU
		{3D632973-D64B-4AFF-BB84-52693FD4E087}.Debug|x86.Build.0 = Debug|Any CPU
		{3D632973-D64B-4AFF-BB84-52693FD4E087}.Release|Any CPU.ActiveCfg = Release|Any CPU
		{3D632973-D64B-4AFF-BB84-52693FD4E087}.Release|Any CPU.Build.0 = Release|Any CPU
		{3D632973-D64B-4AFF-BB84-52693FD4E087}.Release|x86.ActiveCfg = Release|Any CPU
		{3D632973-D64B-4AFF-BB84-52693FD4E087}.Release|x86.Build.0 = Release|Any CPU
		{698AE3CB-BB79-421B-8EB3-255139360163}.Debug|Any CPU.ActiveCfg = Debug|Any CPU
		{698AE3CB-BB79-421B-8EB3-255139360163}.Debug|Any CPU.Build.0 = Debug|Any CPU
		{698AE3CB-BB79-421B-8EB3-255139360163}.Debug|x86.ActiveCfg = Debug|Any CPU
		{698AE3CB-BB79-421B-8EB3-255139360163}.Debug|x86.Build.0 = Debug|Any CPU
		{698AE3CB-BB79-421B-8EB3-255139360163}.Release|Any CPU.ActiveCfg = Release|Any CPU
		{698AE3CB-BB79-421B-8EB3-255139360163}.Release|Any CPU.Build.0 = Release|Any CPU
		{698AE3CB-BB79-421B-8EB3-255139360163}.Release|x86.ActiveCfg = Release|Any CPU
		{698AE3CB-BB79-421B-8EB3-255139360163}.Release|x86.Build.0 = Release|Any CPU
		{DE3BCAD9-86A3-401A-B1E2-8F53730CE032}.Debug|Any CPU.ActiveCfg = Debug|Any CPU
		{DE3BCAD9-86A3-401A-B1E2-8F53730CE032}.Debug|Any CPU.Build.0 = Debug|Any CPU
		{DE3BCAD9-86A3-401A-B1E2-8F53730CE032}.Debug|x86.ActiveCfg = Debug|Any CPU
		{DE3BCAD9-86A3-401A-B1E2-8F53730CE032}.Debug|x86.Build.0 = Debug|Any CPU
		{DE3BCAD9-86A3-401A-B1E2-8F53730CE032}.Release|Any CPU.ActiveCfg = Release|Any CPU
		{DE3BCAD9-86A3-401A-B1E2-8F53730CE032}.Release|Any CPU.Build.0 = Release|Any CPU
		{DE3BCAD9-86A3-401A-B1E2-8F53730CE032}.Release|x86.ActiveCfg = Release|Any CPU
		{DE3BCAD9-86A3-401A-B1E2-8F53730CE032}.Release|x86.Build.0 = Release|Any CPU
		{B3267DAA-ED32-4DAD-B559-4F2794B3FF3C}.Debug|Any CPU.ActiveCfg = Debug|Any CPU
		{B3267DAA-ED32-4DAD-B559-4F2794B3FF3C}.Debug|Any CPU.Build.0 = Debug|Any CPU
		{B3267DAA-ED32-4DAD-B559-4F2794B3FF3C}.Debug|x86.ActiveCfg = Debug|Any CPU
		{B3267DAA-ED32-4DAD-B559-4F2794B3FF3C}.Debug|x86.Build.0 = Debug|Any CPU
		{B3267DAA-ED32-4DAD-B559-4F2794B3FF3C}.Release|Any CPU.ActiveCfg = Release|Any CPU
		{B3267DAA-ED32-4DAD-B559-4F2794B3FF3C}.Release|Any CPU.Build.0 = Release|Any CPU
		{B3267DAA-ED32-4DAD-B559-4F2794B3FF3C}.Release|x86.ActiveCfg = Release|Any CPU
		{B3267DAA-ED32-4DAD-B559-4F2794B3FF3C}.Release|x86.Build.0 = Release|Any CPU
		{BBD451D0-0E3F-4D8F-B3A9-8444A971A6C7}.Debug|Any CPU.ActiveCfg = Debug|Any CPU
		{BBD451D0-0E3F-4D8F-B3A9-8444A971A6C7}.Debug|Any CPU.Build.0 = Debug|Any CPU
		{BBD451D0-0E3F-4D8F-B3A9-8444A971A6C7}.Debug|x86.ActiveCfg = Debug|Any CPU
		{BBD451D0-0E3F-4D8F-B3A9-8444A971A6C7}.Debug|x86.Build.0 = Debug|Any CPU
		{BBD451D0-0E3F-4D8F-B3A9-8444A971A6C7}.Release|Any CPU.ActiveCfg = Release|Any CPU
		{BBD451D0-0E3F-4D8F-B3A9-8444A971A6C7}.Release|Any CPU.Build.0 = Release|Any CPU
		{BBD451D0-0E3F-4D8F-B3A9-8444A971A6C7}.Release|x86.ActiveCfg = Release|Any CPU
		{BBD451D0-0E3F-4D8F-B3A9-8444A971A6C7}.Release|x86.Build.0 = Release|Any CPU
		{D53F0E38-C90D-485F-AF6B-79D9670D2099}.Debug|Any CPU.ActiveCfg = Debug|Any CPU
		{D53F0E38-C90D-485F-AF6B-79D9670D2099}.Debug|Any CPU.Build.0 = Debug|Any CPU
		{D53F0E38-C90D-485F-AF6B-79D9670D2099}.Debug|x86.ActiveCfg = Debug|Any CPU
		{D53F0E38-C90D-485F-AF6B-79D9670D2099}.Debug|x86.Build.0 = Debug|Any CPU
		{D53F0E38-C90D-485F-AF6B-79D9670D2099}.Release|Any CPU.ActiveCfg = Release|Any CPU
		{D53F0E38-C90D-485F-AF6B-79D9670D2099}.Release|Any CPU.Build.0 = Release|Any CPU
		{D53F0E38-C90D-485F-AF6B-79D9670D2099}.Release|x86.ActiveCfg = Release|Any CPU
		{D53F0E38-C90D-485F-AF6B-79D9670D2099}.Release|x86.Build.0 = Release|Any CPU
		{EF436684-949D-45F5-8A78-947F0447F7DC}.Debug|Any CPU.ActiveCfg = Debug|Any CPU
		{EF436684-949D-45F5-8A78-947F0447F7DC}.Debug|Any CPU.Build.0 = Debug|Any CPU
		{EF436684-949D-45F5-8A78-947F0447F7DC}.Debug|x86.ActiveCfg = Debug|Any CPU
		{EF436684-949D-45F5-8A78-947F0447F7DC}.Debug|x86.Build.0 = Debug|Any CPU
		{EF436684-949D-45F5-8A78-947F0447F7DC}.Release|Any CPU.ActiveCfg = Release|Any CPU
		{EF436684-949D-45F5-8A78-947F0447F7DC}.Release|Any CPU.Build.0 = Release|Any CPU
		{EF436684-949D-45F5-8A78-947F0447F7DC}.Release|x86.ActiveCfg = Release|Any CPU
		{EF436684-949D-45F5-8A78-947F0447F7DC}.Release|x86.Build.0 = Release|Any CPU
		{01A396D0-4907-4019-ADAC-41EBAF8C0D09}.Debug|Any CPU.ActiveCfg = Debug|Any CPU
		{01A396D0-4907-4019-ADAC-41EBAF8C0D09}.Debug|Any CPU.Build.0 = Debug|Any CPU
		{01A396D0-4907-4019-ADAC-41EBAF8C0D09}.Debug|x86.ActiveCfg = Debug|Any CPU
		{01A396D0-4907-4019-ADAC-41EBAF8C0D09}.Debug|x86.Build.0 = Debug|Any CPU
		{01A396D0-4907-4019-ADAC-41EBAF8C0D09}.Release|Any CPU.ActiveCfg = Release|Any CPU
		{01A396D0-4907-4019-ADAC-41EBAF8C0D09}.Release|Any CPU.Build.0 = Release|Any CPU
		{01A396D0-4907-4019-ADAC-41EBAF8C0D09}.Release|x86.ActiveCfg = Release|Any CPU
		{01A396D0-4907-4019-ADAC-41EBAF8C0D09}.Release|x86.Build.0 = Release|Any CPU
		{534C3654-3561-4413-A89C-646DF632ABFD}.Debug|Any CPU.ActiveCfg = Debug|Any CPU
		{534C3654-3561-4413-A89C-646DF632ABFD}.Debug|Any CPU.Build.0 = Debug|Any CPU
		{534C3654-3561-4413-A89C-646DF632ABFD}.Debug|x86.ActiveCfg = Debug|Any CPU
		{534C3654-3561-4413-A89C-646DF632ABFD}.Debug|x86.Build.0 = Debug|Any CPU
		{534C3654-3561-4413-A89C-646DF632ABFD}.Release|Any CPU.ActiveCfg = Release|Any CPU
		{534C3654-3561-4413-A89C-646DF632ABFD}.Release|Any CPU.Build.0 = Release|Any CPU
		{534C3654-3561-4413-A89C-646DF632ABFD}.Release|x86.ActiveCfg = Release|Any CPU
		{534C3654-3561-4413-A89C-646DF632ABFD}.Release|x86.Build.0 = Release|Any CPU
		{A8623626-079B-440F-AD50-7750D2631B72}.Debug|Any CPU.ActiveCfg = Debug|Any CPU
		{A8623626-079B-440F-AD50-7750D2631B72}.Debug|Any CPU.Build.0 = Debug|Any CPU
		{A8623626-079B-440F-AD50-7750D2631B72}.Debug|x86.ActiveCfg = Debug|Any CPU
		{A8623626-079B-440F-AD50-7750D2631B72}.Debug|x86.Build.0 = Debug|Any CPU
		{A8623626-079B-440F-AD50-7750D2631B72}.Release|Any CPU.ActiveCfg = Release|Any CPU
		{A8623626-079B-440F-AD50-7750D2631B72}.Release|Any CPU.Build.0 = Release|Any CPU
		{A8623626-079B-440F-AD50-7750D2631B72}.Release|x86.ActiveCfg = Release|Any CPU
		{A8623626-079B-440F-AD50-7750D2631B72}.Release|x86.Build.0 = Release|Any CPU
		{627FB239-6866-40C8-8EA7-E00F3310EEB1}.Debug|Any CPU.ActiveCfg = Debug|Any CPU
		{627FB239-6866-40C8-8EA7-E00F3310EEB1}.Debug|Any CPU.Build.0 = Debug|Any CPU
		{627FB239-6866-40C8-8EA7-E00F3310EEB1}.Debug|x86.ActiveCfg = Debug|Any CPU
		{627FB239-6866-40C8-8EA7-E00F3310EEB1}.Debug|x86.Build.0 = Debug|Any CPU
		{627FB239-6866-40C8-8EA7-E00F3310EEB1}.Release|Any CPU.ActiveCfg = Release|Any CPU
		{627FB239-6866-40C8-8EA7-E00F3310EEB1}.Release|Any CPU.Build.0 = Release|Any CPU
		{627FB239-6866-40C8-8EA7-E00F3310EEB1}.Release|x86.ActiveCfg = Release|Any CPU
		{627FB239-6866-40C8-8EA7-E00F3310EEB1}.Release|x86.Build.0 = Release|Any CPU
		{7834D974-0B0D-490C-A5FC-A5AD3A9D3488}.Debug|Any CPU.ActiveCfg = Debug|Any CPU
		{7834D974-0B0D-490C-A5FC-A5AD3A9D3488}.Debug|Any CPU.Build.0 = Debug|Any CPU
		{7834D974-0B0D-490C-A5FC-A5AD3A9D3488}.Debug|x86.ActiveCfg = Debug|Any CPU
		{7834D974-0B0D-490C-A5FC-A5AD3A9D3488}.Debug|x86.Build.0 = Debug|Any CPU
		{7834D974-0B0D-490C-A5FC-A5AD3A9D3488}.Release|Any CPU.ActiveCfg = Release|Any CPU
		{7834D974-0B0D-490C-A5FC-A5AD3A9D3488}.Release|Any CPU.Build.0 = Release|Any CPU
		{7834D974-0B0D-490C-A5FC-A5AD3A9D3488}.Release|x86.ActiveCfg = Release|Any CPU
		{7834D974-0B0D-490C-A5FC-A5AD3A9D3488}.Release|x86.Build.0 = Release|Any CPU
		{D81E4E31-CC3A-427E-8BEA-E0689C2947CB}.Debug|Any CPU.ActiveCfg = Debug|Any CPU
		{D81E4E31-CC3A-427E-8BEA-E0689C2947CB}.Debug|Any CPU.Build.0 = Debug|Any CPU
		{D81E4E31-CC3A-427E-8BEA-E0689C2947CB}.Debug|x86.ActiveCfg = Debug|Any CPU
		{D81E4E31-CC3A-427E-8BEA-E0689C2947CB}.Debug|x86.Build.0 = Debug|Any CPU
		{D81E4E31-CC3A-427E-8BEA-E0689C2947CB}.Release|Any CPU.ActiveCfg = Release|Any CPU
		{D81E4E31-CC3A-427E-8BEA-E0689C2947CB}.Release|Any CPU.Build.0 = Release|Any CPU
		{D81E4E31-CC3A-427E-8BEA-E0689C2947CB}.Release|x86.ActiveCfg = Release|Any CPU
		{D81E4E31-CC3A-427E-8BEA-E0689C2947CB}.Release|x86.Build.0 = Release|Any CPU
		{2BCAEFD4-4D15-4197-A841-A0822E9AA973}.Debug|Any CPU.ActiveCfg = Debug|Any CPU
		{2BCAEFD4-4D15-4197-A841-A0822E9AA973}.Debug|Any CPU.Build.0 = Debug|Any CPU
		{2BCAEFD4-4D15-4197-A841-A0822E9AA973}.Debug|x86.ActiveCfg = Debug|Any CPU
		{2BCAEFD4-4D15-4197-A841-A0822E9AA973}.Debug|x86.Build.0 = Debug|Any CPU
		{2BCAEFD4-4D15-4197-A841-A0822E9AA973}.Release|Any CPU.ActiveCfg = Release|Any CPU
		{2BCAEFD4-4D15-4197-A841-A0822E9AA973}.Release|Any CPU.Build.0 = Release|Any CPU
		{2BCAEFD4-4D15-4197-A841-A0822E9AA973}.Release|x86.ActiveCfg = Release|Any CPU
		{2BCAEFD4-4D15-4197-A841-A0822E9AA973}.Release|x86.Build.0 = Release|Any CPU
		{B7B8B4F8-51BD-47BB-A29F-C325626FCDFA}.Debug|Any CPU.ActiveCfg = Debug|Any CPU
		{B7B8B4F8-51BD-47BB-A29F-C325626FCDFA}.Debug|Any CPU.Build.0 = Debug|Any CPU
		{B7B8B4F8-51BD-47BB-A29F-C325626FCDFA}.Debug|x86.ActiveCfg = Debug|Any CPU
		{B7B8B4F8-51BD-47BB-A29F-C325626FCDFA}.Debug|x86.Build.0 = Debug|Any CPU
		{B7B8B4F8-51BD-47BB-A29F-C325626FCDFA}.Release|Any CPU.ActiveCfg = Release|Any CPU
		{B7B8B4F8-51BD-47BB-A29F-C325626FCDFA}.Release|Any CPU.Build.0 = Release|Any CPU
		{B7B8B4F8-51BD-47BB-A29F-C325626FCDFA}.Release|x86.ActiveCfg = Release|Any CPU
		{B7B8B4F8-51BD-47BB-A29F-C325626FCDFA}.Release|x86.Build.0 = Release|Any CPU
		{F4879B94-8AC6-43E4-8C62-F5B0579CA472}.Debug|Any CPU.ActiveCfg = Debug|Any CPU
		{F4879B94-8AC6-43E4-8C62-F5B0579CA472}.Debug|Any CPU.Build.0 = Debug|Any CPU
		{F4879B94-8AC6-43E4-8C62-F5B0579CA472}.Debug|x86.ActiveCfg = Debug|Any CPU
		{F4879B94-8AC6-43E4-8C62-F5B0579CA472}.Debug|x86.Build.0 = Debug|Any CPU
		{F4879B94-8AC6-43E4-8C62-F5B0579CA472}.Release|Any CPU.ActiveCfg = Release|Any CPU
		{F4879B94-8AC6-43E4-8C62-F5B0579CA472}.Release|Any CPU.Build.0 = Release|Any CPU
		{F4879B94-8AC6-43E4-8C62-F5B0579CA472}.Release|x86.ActiveCfg = Release|Any CPU
		{F4879B94-8AC6-43E4-8C62-F5B0579CA472}.Release|x86.Build.0 = Release|Any CPU
		{73A5A107-1D08-427D-B227-4E2CA49DE130}.Debug|Any CPU.ActiveCfg = Debug|Any CPU
		{73A5A107-1D08-427D-B227-4E2CA49DE130}.Debug|Any CPU.Build.0 = Debug|Any CPU
		{73A5A107-1D08-427D-B227-4E2CA49DE130}.Debug|x86.ActiveCfg = Debug|Any CPU
		{73A5A107-1D08-427D-B227-4E2CA49DE130}.Debug|x86.Build.0 = Debug|Any CPU
		{73A5A107-1D08-427D-B227-4E2CA49DE130}.Release|Any CPU.ActiveCfg = Release|Any CPU
		{73A5A107-1D08-427D-B227-4E2CA49DE130}.Release|Any CPU.Build.0 = Release|Any CPU
		{73A5A107-1D08-427D-B227-4E2CA49DE130}.Release|x86.ActiveCfg = Release|Any CPU
		{73A5A107-1D08-427D-B227-4E2CA49DE130}.Release|x86.Build.0 = Release|Any CPU
		{B9261A33-FC67-4E58-BFC2-609CB12A4521}.Debug|Any CPU.ActiveCfg = Debug|Any CPU
		{B9261A33-FC67-4E58-BFC2-609CB12A4521}.Debug|Any CPU.Build.0 = Debug|Any CPU
		{B9261A33-FC67-4E58-BFC2-609CB12A4521}.Debug|x86.ActiveCfg = Debug|Any CPU
		{B9261A33-FC67-4E58-BFC2-609CB12A4521}.Debug|x86.Build.0 = Debug|Any CPU
		{B9261A33-FC67-4E58-BFC2-609CB12A4521}.Release|Any CPU.ActiveCfg = Release|Any CPU
		{B9261A33-FC67-4E58-BFC2-609CB12A4521}.Release|Any CPU.Build.0 = Release|Any CPU
		{B9261A33-FC67-4E58-BFC2-609CB12A4521}.Release|x86.ActiveCfg = Release|Any CPU
		{B9261A33-FC67-4E58-BFC2-609CB12A4521}.Release|x86.Build.0 = Release|Any CPU
		{5D0A57BC-61A9-4351-8A3F-CF1885AF4CAC}.Debug|Any CPU.ActiveCfg = Debug|Any CPU
		{5D0A57BC-61A9-4351-8A3F-CF1885AF4CAC}.Debug|Any CPU.Build.0 = Debug|Any CPU
		{5D0A57BC-61A9-4351-8A3F-CF1885AF4CAC}.Debug|x86.ActiveCfg = Debug|Any CPU
		{5D0A57BC-61A9-4351-8A3F-CF1885AF4CAC}.Debug|x86.Build.0 = Debug|Any CPU
		{5D0A57BC-61A9-4351-8A3F-CF1885AF4CAC}.Release|Any CPU.ActiveCfg = Release|Any CPU
		{5D0A57BC-61A9-4351-8A3F-CF1885AF4CAC}.Release|Any CPU.Build.0 = Release|Any CPU
		{5D0A57BC-61A9-4351-8A3F-CF1885AF4CAC}.Release|x86.ActiveCfg = Release|Any CPU
		{5D0A57BC-61A9-4351-8A3F-CF1885AF4CAC}.Release|x86.Build.0 = Release|Any CPU
		{8B3E883E-98B6-443C-9046-1DE0A4A6C388}.Debug|Any CPU.ActiveCfg = Debug|Any CPU
		{8B3E883E-98B6-443C-9046-1DE0A4A6C388}.Debug|Any CPU.Build.0 = Debug|Any CPU
		{8B3E883E-98B6-443C-9046-1DE0A4A6C388}.Debug|x86.ActiveCfg = Debug|Any CPU
		{8B3E883E-98B6-443C-9046-1DE0A4A6C388}.Debug|x86.Build.0 = Debug|Any CPU
		{8B3E883E-98B6-443C-9046-1DE0A4A6C388}.Release|Any CPU.ActiveCfg = Release|Any CPU
		{8B3E883E-98B6-443C-9046-1DE0A4A6C388}.Release|Any CPU.Build.0 = Release|Any CPU
		{8B3E883E-98B6-443C-9046-1DE0A4A6C388}.Release|x86.ActiveCfg = Release|Any CPU
		{8B3E883E-98B6-443C-9046-1DE0A4A6C388}.Release|x86.Build.0 = Release|Any CPU
		{ABD6A6E0-30CC-4FB3-81CA-D0D1B0FFF818}.Debug|Any CPU.ActiveCfg = Debug|Any CPU
		{ABD6A6E0-30CC-4FB3-81CA-D0D1B0FFF818}.Debug|Any CPU.Build.0 = Debug|Any CPU
		{ABD6A6E0-30CC-4FB3-81CA-D0D1B0FFF818}.Debug|x86.ActiveCfg = Debug|Any CPU
		{ABD6A6E0-30CC-4FB3-81CA-D0D1B0FFF818}.Debug|x86.Build.0 = Debug|Any CPU
		{ABD6A6E0-30CC-4FB3-81CA-D0D1B0FFF818}.Release|Any CPU.ActiveCfg = Release|Any CPU
		{ABD6A6E0-30CC-4FB3-81CA-D0D1B0FFF818}.Release|Any CPU.Build.0 = Release|Any CPU
		{ABD6A6E0-30CC-4FB3-81CA-D0D1B0FFF818}.Release|x86.ActiveCfg = Release|Any CPU
		{ABD6A6E0-30CC-4FB3-81CA-D0D1B0FFF818}.Release|x86.Build.0 = Release|Any CPU
		{43B269AB-8EA7-43C2-8BC1-E1626833B974}.Debug|Any CPU.ActiveCfg = Debug|Any CPU
		{43B269AB-8EA7-43C2-8BC1-E1626833B974}.Debug|Any CPU.Build.0 = Debug|Any CPU
		{43B269AB-8EA7-43C2-8BC1-E1626833B974}.Debug|x86.ActiveCfg = Debug|Any CPU
		{43B269AB-8EA7-43C2-8BC1-E1626833B974}.Debug|x86.Build.0 = Debug|Any CPU
		{43B269AB-8EA7-43C2-8BC1-E1626833B974}.Release|Any CPU.ActiveCfg = Release|Any CPU
		{43B269AB-8EA7-43C2-8BC1-E1626833B974}.Release|Any CPU.Build.0 = Release|Any CPU
		{43B269AB-8EA7-43C2-8BC1-E1626833B974}.Release|x86.ActiveCfg = Release|Any CPU
		{43B269AB-8EA7-43C2-8BC1-E1626833B974}.Release|x86.Build.0 = Release|Any CPU
		{3F43C5EB-F2B5-4B0C-967C-8517D3EAC2C2}.Debug|Any CPU.ActiveCfg = Debug|Any CPU
		{3F43C5EB-F2B5-4B0C-967C-8517D3EAC2C2}.Debug|Any CPU.Build.0 = Debug|Any CPU
		{3F43C5EB-F2B5-4B0C-967C-8517D3EAC2C2}.Debug|x86.ActiveCfg = Debug|Any CPU
		{3F43C5EB-F2B5-4B0C-967C-8517D3EAC2C2}.Debug|x86.Build.0 = Debug|Any CPU
		{3F43C5EB-F2B5-4B0C-967C-8517D3EAC2C2}.Release|Any CPU.ActiveCfg = Release|Any CPU
		{3F43C5EB-F2B5-4B0C-967C-8517D3EAC2C2}.Release|Any CPU.Build.0 = Release|Any CPU
		{3F43C5EB-F2B5-4B0C-967C-8517D3EAC2C2}.Release|x86.ActiveCfg = Release|Any CPU
		{3F43C5EB-F2B5-4B0C-967C-8517D3EAC2C2}.Release|x86.Build.0 = Release|Any CPU
		{9C5D27AB-2E31-4E18-B1F1-4756A56F9692}.Debug|Any CPU.ActiveCfg = Debug|Any CPU
		{9C5D27AB-2E31-4E18-B1F1-4756A56F9692}.Debug|Any CPU.Build.0 = Debug|Any CPU
		{9C5D27AB-2E31-4E18-B1F1-4756A56F9692}.Debug|x86.ActiveCfg = Debug|Any CPU
		{9C5D27AB-2E31-4E18-B1F1-4756A56F9692}.Debug|x86.Build.0 = Debug|Any CPU
		{9C5D27AB-2E31-4E18-B1F1-4756A56F9692}.Release|Any CPU.ActiveCfg = Release|Any CPU
		{9C5D27AB-2E31-4E18-B1F1-4756A56F9692}.Release|Any CPU.Build.0 = Release|Any CPU
		{9C5D27AB-2E31-4E18-B1F1-4756A56F9692}.Release|x86.ActiveCfg = Release|Any CPU
		{9C5D27AB-2E31-4E18-B1F1-4756A56F9692}.Release|x86.Build.0 = Release|Any CPU
		{29EF1BE4-90AD-432D-8FF2-754F491CA536}.Debug|Any CPU.ActiveCfg = Debug|Any CPU
		{29EF1BE4-90AD-432D-8FF2-754F491CA536}.Debug|Any CPU.Build.0 = Debug|Any CPU
		{29EF1BE4-90AD-432D-8FF2-754F491CA536}.Debug|x86.ActiveCfg = Debug|Any CPU
		{29EF1BE4-90AD-432D-8FF2-754F491CA536}.Debug|x86.Build.0 = Debug|Any CPU
		{29EF1BE4-90AD-432D-8FF2-754F491CA536}.Release|Any CPU.ActiveCfg = Release|Any CPU
		{29EF1BE4-90AD-432D-8FF2-754F491CA536}.Release|Any CPU.Build.0 = Release|Any CPU
		{29EF1BE4-90AD-432D-8FF2-754F491CA536}.Release|x86.ActiveCfg = Release|Any CPU
		{29EF1BE4-90AD-432D-8FF2-754F491CA536}.Release|x86.Build.0 = Release|Any CPU
		{E2A6063F-C8CF-4C27-B758-B4E2753B8B68}.Debug|Any CPU.ActiveCfg = Debug|Any CPU
		{E2A6063F-C8CF-4C27-B758-B4E2753B8B68}.Debug|Any CPU.Build.0 = Debug|Any CPU
		{E2A6063F-C8CF-4C27-B758-B4E2753B8B68}.Debug|x86.ActiveCfg = Debug|Any CPU
		{E2A6063F-C8CF-4C27-B758-B4E2753B8B68}.Debug|x86.Build.0 = Debug|Any CPU
		{E2A6063F-C8CF-4C27-B758-B4E2753B8B68}.Release|Any CPU.ActiveCfg = Release|Any CPU
		{E2A6063F-C8CF-4C27-B758-B4E2753B8B68}.Release|Any CPU.Build.0 = Release|Any CPU
		{E2A6063F-C8CF-4C27-B758-B4E2753B8B68}.Release|x86.ActiveCfg = Release|Any CPU
		{E2A6063F-C8CF-4C27-B758-B4E2753B8B68}.Release|x86.Build.0 = Release|Any CPU
		{76218F51-7477-4AC8-ADE3-FD228C502617}.Debug|Any CPU.ActiveCfg = Debug|Any CPU
		{76218F51-7477-4AC8-ADE3-FD228C502617}.Debug|Any CPU.Build.0 = Debug|Any CPU
		{76218F51-7477-4AC8-ADE3-FD228C502617}.Debug|x86.ActiveCfg = Debug|Any CPU
		{76218F51-7477-4AC8-ADE3-FD228C502617}.Debug|x86.Build.0 = Debug|Any CPU
		{76218F51-7477-4AC8-ADE3-FD228C502617}.Release|Any CPU.ActiveCfg = Release|Any CPU
		{76218F51-7477-4AC8-ADE3-FD228C502617}.Release|Any CPU.Build.0 = Release|Any CPU
		{76218F51-7477-4AC8-ADE3-FD228C502617}.Release|x86.ActiveCfg = Release|Any CPU
		{76218F51-7477-4AC8-ADE3-FD228C502617}.Release|x86.Build.0 = Release|Any CPU
		{1FEAD8DB-6122-4988-90AC-4252421A0A46}.Debug|Any CPU.ActiveCfg = Debug|Any CPU
		{1FEAD8DB-6122-4988-90AC-4252421A0A46}.Debug|Any CPU.Build.0 = Debug|Any CPU
		{1FEAD8DB-6122-4988-90AC-4252421A0A46}.Debug|x86.ActiveCfg = Debug|Any CPU
		{1FEAD8DB-6122-4988-90AC-4252421A0A46}.Debug|x86.Build.0 = Debug|Any CPU
		{1FEAD8DB-6122-4988-90AC-4252421A0A46}.Release|Any CPU.ActiveCfg = Release|Any CPU
		{1FEAD8DB-6122-4988-90AC-4252421A0A46}.Release|Any CPU.Build.0 = Release|Any CPU
		{1FEAD8DB-6122-4988-90AC-4252421A0A46}.Release|x86.ActiveCfg = Release|Any CPU
		{1FEAD8DB-6122-4988-90AC-4252421A0A46}.Release|x86.Build.0 = Release|Any CPU
		{ED1BFF35-59A5-4FA2-A923-A5F2466CFB20}.Debug|Any CPU.ActiveCfg = Debug|Any CPU
		{ED1BFF35-59A5-4FA2-A923-A5F2466CFB20}.Debug|Any CPU.Build.0 = Debug|Any CPU
		{ED1BFF35-59A5-4FA2-A923-A5F2466CFB20}.Debug|x86.ActiveCfg = Debug|Any CPU
		{ED1BFF35-59A5-4FA2-A923-A5F2466CFB20}.Debug|x86.Build.0 = Debug|Any CPU
		{ED1BFF35-59A5-4FA2-A923-A5F2466CFB20}.Release|Any CPU.ActiveCfg = Release|Any CPU
		{ED1BFF35-59A5-4FA2-A923-A5F2466CFB20}.Release|Any CPU.Build.0 = Release|Any CPU
		{ED1BFF35-59A5-4FA2-A923-A5F2466CFB20}.Release|x86.ActiveCfg = Release|Any CPU
		{ED1BFF35-59A5-4FA2-A923-A5F2466CFB20}.Release|x86.Build.0 = Release|Any CPU
		{059126F0-334C-4BF7-AD9A-696655B9C3E7}.Debug|Any CPU.ActiveCfg = Debug|Any CPU
		{059126F0-334C-4BF7-AD9A-696655B9C3E7}.Debug|Any CPU.Build.0 = Debug|Any CPU
		{059126F0-334C-4BF7-AD9A-696655B9C3E7}.Debug|x86.ActiveCfg = Debug|Any CPU
		{059126F0-334C-4BF7-AD9A-696655B9C3E7}.Debug|x86.Build.0 = Debug|Any CPU
		{059126F0-334C-4BF7-AD9A-696655B9C3E7}.Release|Any CPU.ActiveCfg = Release|Any CPU
		{059126F0-334C-4BF7-AD9A-696655B9C3E7}.Release|Any CPU.Build.0 = Release|Any CPU
		{059126F0-334C-4BF7-AD9A-696655B9C3E7}.Release|x86.ActiveCfg = Release|Any CPU
		{059126F0-334C-4BF7-AD9A-696655B9C3E7}.Release|x86.Build.0 = Release|Any CPU
		{FEA78B30-DA22-48F0-9232-82F7DF8B9EB0}.Debug|Any CPU.ActiveCfg = Debug|Any CPU
		{FEA78B30-DA22-48F0-9232-82F7DF8B9EB0}.Debug|Any CPU.Build.0 = Debug|Any CPU
		{FEA78B30-DA22-48F0-9232-82F7DF8B9EB0}.Debug|x86.ActiveCfg = Debug|Any CPU
		{FEA78B30-DA22-48F0-9232-82F7DF8B9EB0}.Debug|x86.Build.0 = Debug|Any CPU
		{FEA78B30-DA22-48F0-9232-82F7DF8B9EB0}.Release|Any CPU.ActiveCfg = Release|Any CPU
		{FEA78B30-DA22-48F0-9232-82F7DF8B9EB0}.Release|Any CPU.Build.0 = Release|Any CPU
		{FEA78B30-DA22-48F0-9232-82F7DF8B9EB0}.Release|x86.ActiveCfg = Release|Any CPU
		{FEA78B30-DA22-48F0-9232-82F7DF8B9EB0}.Release|x86.Build.0 = Release|Any CPU
		{868B1A48-95D8-4EF5-9341-F50A6C17BA93}.Debug|Any CPU.ActiveCfg = Debug|Any CPU
		{868B1A48-95D8-4EF5-9341-F50A6C17BA93}.Debug|Any CPU.Build.0 = Debug|Any CPU
		{868B1A48-95D8-4EF5-9341-F50A6C17BA93}.Debug|x86.ActiveCfg = Debug|Any CPU
		{868B1A48-95D8-4EF5-9341-F50A6C17BA93}.Debug|x86.Build.0 = Debug|Any CPU
		{868B1A48-95D8-4EF5-9341-F50A6C17BA93}.Release|Any CPU.ActiveCfg = Release|Any CPU
		{868B1A48-95D8-4EF5-9341-F50A6C17BA93}.Release|Any CPU.Build.0 = Release|Any CPU
		{868B1A48-95D8-4EF5-9341-F50A6C17BA93}.Release|x86.ActiveCfg = Release|Any CPU
		{868B1A48-95D8-4EF5-9341-F50A6C17BA93}.Release|x86.Build.0 = Release|Any CPU
		{419C5785-E9C4-4149-9356-867D4F50B97C}.Debug|Any CPU.ActiveCfg = Debug|Any CPU
		{419C5785-E9C4-4149-9356-867D4F50B97C}.Debug|Any CPU.Build.0 = Debug|Any CPU
		{419C5785-E9C4-4149-9356-867D4F50B97C}.Debug|x86.ActiveCfg = Debug|Any CPU
		{419C5785-E9C4-4149-9356-867D4F50B97C}.Debug|x86.Build.0 = Debug|Any CPU
		{419C5785-E9C4-4149-9356-867D4F50B97C}.Release|Any CPU.ActiveCfg = Release|Any CPU
		{419C5785-E9C4-4149-9356-867D4F50B97C}.Release|Any CPU.Build.0 = Release|Any CPU
		{419C5785-E9C4-4149-9356-867D4F50B97C}.Release|x86.ActiveCfg = Release|Any CPU
		{419C5785-E9C4-4149-9356-867D4F50B97C}.Release|x86.Build.0 = Release|Any CPU
		{729D4241-F3A9-45EF-A802-00D4E06D174C}.Debug|Any CPU.ActiveCfg = Debug|Any CPU
		{729D4241-F3A9-45EF-A802-00D4E06D174C}.Debug|Any CPU.Build.0 = Debug|Any CPU
		{729D4241-F3A9-45EF-A802-00D4E06D174C}.Debug|x86.ActiveCfg = Debug|Any CPU
		{729D4241-F3A9-45EF-A802-00D4E06D174C}.Debug|x86.Build.0 = Debug|Any CPU
		{729D4241-F3A9-45EF-A802-00D4E06D174C}.Release|Any CPU.ActiveCfg = Release|Any CPU
		{729D4241-F3A9-45EF-A802-00D4E06D174C}.Release|Any CPU.Build.0 = Release|Any CPU
		{729D4241-F3A9-45EF-A802-00D4E06D174C}.Release|x86.ActiveCfg = Release|Any CPU
		{729D4241-F3A9-45EF-A802-00D4E06D174C}.Release|x86.Build.0 = Release|Any CPU
		{28D79580-3A4F-4227-88F1-14D50403530B}.Debug|Any CPU.ActiveCfg = Debug|Any CPU
		{28D79580-3A4F-4227-88F1-14D50403530B}.Debug|Any CPU.Build.0 = Debug|Any CPU
		{28D79580-3A4F-4227-88F1-14D50403530B}.Debug|x86.ActiveCfg = Debug|Any CPU
		{28D79580-3A4F-4227-88F1-14D50403530B}.Debug|x86.Build.0 = Debug|Any CPU
		{28D79580-3A4F-4227-88F1-14D50403530B}.Release|Any CPU.ActiveCfg = Release|Any CPU
		{28D79580-3A4F-4227-88F1-14D50403530B}.Release|Any CPU.Build.0 = Release|Any CPU
		{28D79580-3A4F-4227-88F1-14D50403530B}.Release|x86.ActiveCfg = Release|Any CPU
		{28D79580-3A4F-4227-88F1-14D50403530B}.Release|x86.Build.0 = Release|Any CPU
		{F54AABFE-4AD4-4193-BC87-A6F1F1B0A5AE}.Debug|Any CPU.ActiveCfg = Debug|Any CPU
		{F54AABFE-4AD4-4193-BC87-A6F1F1B0A5AE}.Debug|Any CPU.Build.0 = Debug|Any CPU
		{F54AABFE-4AD4-4193-BC87-A6F1F1B0A5AE}.Debug|x86.ActiveCfg = Debug|Any CPU
		{F54AABFE-4AD4-4193-BC87-A6F1F1B0A5AE}.Debug|x86.Build.0 = Debug|Any CPU
		{F54AABFE-4AD4-4193-BC87-A6F1F1B0A5AE}.Release|Any CPU.ActiveCfg = Release|Any CPU
		{F54AABFE-4AD4-4193-BC87-A6F1F1B0A5AE}.Release|Any CPU.Build.0 = Release|Any CPU
		{F54AABFE-4AD4-4193-BC87-A6F1F1B0A5AE}.Release|x86.ActiveCfg = Release|Any CPU
		{F54AABFE-4AD4-4193-BC87-A6F1F1B0A5AE}.Release|x86.Build.0 = Release|Any CPU
		{CA9717E6-7342-441A-BC37-C9F273E7650C}.Debug|Any CPU.ActiveCfg = Debug|Any CPU
		{CA9717E6-7342-441A-BC37-C9F273E7650C}.Debug|Any CPU.Build.0 = Debug|Any CPU
		{CA9717E6-7342-441A-BC37-C9F273E7650C}.Debug|x86.ActiveCfg = Debug|Any CPU
		{CA9717E6-7342-441A-BC37-C9F273E7650C}.Debug|x86.Build.0 = Debug|Any CPU
		{CA9717E6-7342-441A-BC37-C9F273E7650C}.Release|Any CPU.ActiveCfg = Release|Any CPU
		{CA9717E6-7342-441A-BC37-C9F273E7650C}.Release|Any CPU.Build.0 = Release|Any CPU
		{CA9717E6-7342-441A-BC37-C9F273E7650C}.Release|x86.ActiveCfg = Release|Any CPU
		{CA9717E6-7342-441A-BC37-C9F273E7650C}.Release|x86.Build.0 = Release|Any CPU
		{ACCA4818-F413-417C-ABB3-832E3AA8A811}.Debug|Any CPU.ActiveCfg = Debug|Any CPU
		{ACCA4818-F413-417C-ABB3-832E3AA8A811}.Debug|Any CPU.Build.0 = Debug|Any CPU
		{ACCA4818-F413-417C-ABB3-832E3AA8A811}.Debug|x86.ActiveCfg = Debug|Any CPU
		{ACCA4818-F413-417C-ABB3-832E3AA8A811}.Debug|x86.Build.0 = Debug|Any CPU
		{ACCA4818-F413-417C-ABB3-832E3AA8A811}.Release|Any CPU.ActiveCfg = Release|Any CPU
		{ACCA4818-F413-417C-ABB3-832E3AA8A811}.Release|Any CPU.Build.0 = Release|Any CPU
		{ACCA4818-F413-417C-ABB3-832E3AA8A811}.Release|x86.ActiveCfg = Release|Any CPU
		{ACCA4818-F413-417C-ABB3-832E3AA8A811}.Release|x86.Build.0 = Release|Any CPU
		{3A091622-562A-4273-B872-CE4BF5BD9DC4}.Debug|Any CPU.ActiveCfg = Debug|Any CPU
		{3A091622-562A-4273-B872-CE4BF5BD9DC4}.Debug|Any CPU.Build.0 = Debug|Any CPU
		{3A091622-562A-4273-B872-CE4BF5BD9DC4}.Debug|x86.ActiveCfg = Debug|Any CPU
		{3A091622-562A-4273-B872-CE4BF5BD9DC4}.Debug|x86.Build.0 = Debug|Any CPU
		{3A091622-562A-4273-B872-CE4BF5BD9DC4}.Release|Any CPU.ActiveCfg = Release|Any CPU
		{3A091622-562A-4273-B872-CE4BF5BD9DC4}.Release|Any CPU.Build.0 = Release|Any CPU
		{3A091622-562A-4273-B872-CE4BF5BD9DC4}.Release|x86.ActiveCfg = Release|Any CPU
		{3A091622-562A-4273-B872-CE4BF5BD9DC4}.Release|x86.Build.0 = Release|Any CPU
		{1CD93726-5745-42EB-ABB9-80DE94A45052}.Debug|Any CPU.ActiveCfg = Debug|Any CPU
		{1CD93726-5745-42EB-ABB9-80DE94A45052}.Debug|Any CPU.Build.0 = Debug|Any CPU
		{1CD93726-5745-42EB-ABB9-80DE94A45052}.Debug|x86.ActiveCfg = Debug|Any CPU
		{1CD93726-5745-42EB-ABB9-80DE94A45052}.Debug|x86.Build.0 = Debug|Any CPU
		{1CD93726-5745-42EB-ABB9-80DE94A45052}.Release|Any CPU.ActiveCfg = Release|Any CPU
		{1CD93726-5745-42EB-ABB9-80DE94A45052}.Release|Any CPU.Build.0 = Release|Any CPU
		{1CD93726-5745-42EB-ABB9-80DE94A45052}.Release|x86.ActiveCfg = Release|Any CPU
		{1CD93726-5745-42EB-ABB9-80DE94A45052}.Release|x86.Build.0 = Release|Any CPU
		{EF89C3D1-F989-4623-BA2B-31A4BD1077ED}.Debug|Any CPU.ActiveCfg = Debug|Any CPU
		{EF89C3D1-F989-4623-BA2B-31A4BD1077ED}.Debug|Any CPU.Build.0 = Debug|Any CPU
		{EF89C3D1-F989-4623-BA2B-31A4BD1077ED}.Debug|x86.ActiveCfg = Debug|Any CPU
		{EF89C3D1-F989-4623-BA2B-31A4BD1077ED}.Debug|x86.Build.0 = Debug|Any CPU
		{EF89C3D1-F989-4623-BA2B-31A4BD1077ED}.Release|Any CPU.ActiveCfg = Release|Any CPU
		{EF89C3D1-F989-4623-BA2B-31A4BD1077ED}.Release|Any CPU.Build.0 = Release|Any CPU
		{EF89C3D1-F989-4623-BA2B-31A4BD1077ED}.Release|x86.ActiveCfg = Release|Any CPU
		{EF89C3D1-F989-4623-BA2B-31A4BD1077ED}.Release|x86.Build.0 = Release|Any CPU
		{FE086BF0-B477-4523-98D9-B883AF7D09B3}.Debug|Any CPU.ActiveCfg = Debug|Any CPU
		{FE086BF0-B477-4523-98D9-B883AF7D09B3}.Debug|Any CPU.Build.0 = Debug|Any CPU
		{FE086BF0-B477-4523-98D9-B883AF7D09B3}.Debug|x86.ActiveCfg = Debug|Any CPU
		{FE086BF0-B477-4523-98D9-B883AF7D09B3}.Debug|x86.Build.0 = Debug|Any CPU
		{FE086BF0-B477-4523-98D9-B883AF7D09B3}.Release|Any CPU.ActiveCfg = Release|Any CPU
		{FE086BF0-B477-4523-98D9-B883AF7D09B3}.Release|Any CPU.Build.0 = Release|Any CPU
		{FE086BF0-B477-4523-98D9-B883AF7D09B3}.Release|x86.ActiveCfg = Release|Any CPU
		{FE086BF0-B477-4523-98D9-B883AF7D09B3}.Release|x86.Build.0 = Release|Any CPU
		{BBAA1AA7-A280-4C83-9E6C-1C0957145886}.Debug|Any CPU.ActiveCfg = Debug|Any CPU
		{BBAA1AA7-A280-4C83-9E6C-1C0957145886}.Debug|Any CPU.Build.0 = Debug|Any CPU
		{BBAA1AA7-A280-4C83-9E6C-1C0957145886}.Debug|x86.ActiveCfg = Debug|Any CPU
		{BBAA1AA7-A280-4C83-9E6C-1C0957145886}.Debug|x86.Build.0 = Debug|Any CPU
		{BBAA1AA7-A280-4C83-9E6C-1C0957145886}.Release|Any CPU.ActiveCfg = Release|Any CPU
		{BBAA1AA7-A280-4C83-9E6C-1C0957145886}.Release|Any CPU.Build.0 = Release|Any CPU
		{BBAA1AA7-A280-4C83-9E6C-1C0957145886}.Release|x86.ActiveCfg = Release|Any CPU
		{BBAA1AA7-A280-4C83-9E6C-1C0957145886}.Release|x86.Build.0 = Release|Any CPU
		{E8AC0CA0-D314-42F9-9C0F-AC9B2B5ED9B1}.Debug|Any CPU.ActiveCfg = Debug|Any CPU
		{E8AC0CA0-D314-42F9-9C0F-AC9B2B5ED9B1}.Debug|Any CPU.Build.0 = Debug|Any CPU
		{E8AC0CA0-D314-42F9-9C0F-AC9B2B5ED9B1}.Debug|x86.ActiveCfg = Debug|Any CPU
		{E8AC0CA0-D314-42F9-9C0F-AC9B2B5ED9B1}.Debug|x86.Build.0 = Debug|Any CPU
		{E8AC0CA0-D314-42F9-9C0F-AC9B2B5ED9B1}.Release|Any CPU.ActiveCfg = Release|Any CPU
		{E8AC0CA0-D314-42F9-9C0F-AC9B2B5ED9B1}.Release|Any CPU.Build.0 = Release|Any CPU
		{E8AC0CA0-D314-42F9-9C0F-AC9B2B5ED9B1}.Release|x86.ActiveCfg = Release|Any CPU
		{E8AC0CA0-D314-42F9-9C0F-AC9B2B5ED9B1}.Release|x86.Build.0 = Release|Any CPU
		{7A95B2C7-5D07-4B32-BB26-B8A1F53E41D3}.Debug|Any CPU.ActiveCfg = Debug|Any CPU
		{7A95B2C7-5D07-4B32-BB26-B8A1F53E41D3}.Debug|Any CPU.Build.0 = Debug|Any CPU
		{7A95B2C7-5D07-4B32-BB26-B8A1F53E41D3}.Debug|x86.ActiveCfg = Debug|Any CPU
		{7A95B2C7-5D07-4B32-BB26-B8A1F53E41D3}.Debug|x86.Build.0 = Debug|Any CPU
		{7A95B2C7-5D07-4B32-BB26-B8A1F53E41D3}.Release|Any CPU.ActiveCfg = Release|Any CPU
		{7A95B2C7-5D07-4B32-BB26-B8A1F53E41D3}.Release|Any CPU.Build.0 = Release|Any CPU
		{7A95B2C7-5D07-4B32-BB26-B8A1F53E41D3}.Release|x86.ActiveCfg = Release|Any CPU
		{7A95B2C7-5D07-4B32-BB26-B8A1F53E41D3}.Release|x86.Build.0 = Release|Any CPU
		{524B6481-B3DB-401B-90D5-9937100FE44A}.Debug|Any CPU.ActiveCfg = Debug|Any CPU
		{524B6481-B3DB-401B-90D5-9937100FE44A}.Debug|Any CPU.Build.0 = Debug|Any CPU
		{524B6481-B3DB-401B-90D5-9937100FE44A}.Debug|x86.ActiveCfg = Debug|Any CPU
		{524B6481-B3DB-401B-90D5-9937100FE44A}.Debug|x86.Build.0 = Debug|Any CPU
		{524B6481-B3DB-401B-90D5-9937100FE44A}.Release|Any CPU.ActiveCfg = Release|Any CPU
		{524B6481-B3DB-401B-90D5-9937100FE44A}.Release|Any CPU.Build.0 = Release|Any CPU
		{524B6481-B3DB-401B-90D5-9937100FE44A}.Release|x86.ActiveCfg = Release|Any CPU
		{524B6481-B3DB-401B-90D5-9937100FE44A}.Release|x86.Build.0 = Release|Any CPU
		{7BF35B5A-F1A8-49F9-B894-A802E76558D0}.Debug|Any CPU.ActiveCfg = Debug|Any CPU
		{7BF35B5A-F1A8-49F9-B894-A802E76558D0}.Debug|Any CPU.Build.0 = Debug|Any CPU
		{7BF35B5A-F1A8-49F9-B894-A802E76558D0}.Debug|x86.ActiveCfg = Debug|Any CPU
		{7BF35B5A-F1A8-49F9-B894-A802E76558D0}.Debug|x86.Build.0 = Debug|Any CPU
		{7BF35B5A-F1A8-49F9-B894-A802E76558D0}.Release|Any CPU.ActiveCfg = Release|Any CPU
		{7BF35B5A-F1A8-49F9-B894-A802E76558D0}.Release|Any CPU.Build.0 = Release|Any CPU
		{7BF35B5A-F1A8-49F9-B894-A802E76558D0}.Release|x86.ActiveCfg = Release|Any CPU
		{7BF35B5A-F1A8-49F9-B894-A802E76558D0}.Release|x86.Build.0 = Release|Any CPU
		{E026423C-33BD-4745-97A5-688962D63580}.Debug|Any CPU.ActiveCfg = Debug|Any CPU
		{E026423C-33BD-4745-97A5-688962D63580}.Debug|Any CPU.Build.0 = Debug|Any CPU
		{E026423C-33BD-4745-97A5-688962D63580}.Debug|x86.ActiveCfg = Debug|Any CPU
		{E026423C-33BD-4745-97A5-688962D63580}.Debug|x86.Build.0 = Debug|Any CPU
		{E026423C-33BD-4745-97A5-688962D63580}.Release|Any CPU.ActiveCfg = Release|Any CPU
		{E026423C-33BD-4745-97A5-688962D63580}.Release|Any CPU.Build.0 = Release|Any CPU
		{E026423C-33BD-4745-97A5-688962D63580}.Release|x86.ActiveCfg = Release|Any CPU
		{E026423C-33BD-4745-97A5-688962D63580}.Release|x86.Build.0 = Release|Any CPU
		{7AA54542-2A4B-49C1-B965-D5A071FEFBDE}.Debug|Any CPU.ActiveCfg = Debug|Any CPU
		{7AA54542-2A4B-49C1-B965-D5A071FEFBDE}.Debug|Any CPU.Build.0 = Debug|Any CPU
		{7AA54542-2A4B-49C1-B965-D5A071FEFBDE}.Debug|x86.ActiveCfg = Debug|Any CPU
		{7AA54542-2A4B-49C1-B965-D5A071FEFBDE}.Debug|x86.Build.0 = Debug|Any CPU
		{7AA54542-2A4B-49C1-B965-D5A071FEFBDE}.Release|Any CPU.ActiveCfg = Release|Any CPU
		{7AA54542-2A4B-49C1-B965-D5A071FEFBDE}.Release|Any CPU.Build.0 = Release|Any CPU
		{7AA54542-2A4B-49C1-B965-D5A071FEFBDE}.Release|x86.ActiveCfg = Release|Any CPU
		{7AA54542-2A4B-49C1-B965-D5A071FEFBDE}.Release|x86.Build.0 = Release|Any CPU
		{3FD2C66F-68BD-4D50-A71C-17D1A4E1FA50}.Debug|Any CPU.ActiveCfg = Debug|Any CPU
		{3FD2C66F-68BD-4D50-A71C-17D1A4E1FA50}.Debug|Any CPU.Build.0 = Debug|Any CPU
		{3FD2C66F-68BD-4D50-A71C-17D1A4E1FA50}.Debug|x86.ActiveCfg = Debug|Any CPU
		{3FD2C66F-68BD-4D50-A71C-17D1A4E1FA50}.Debug|x86.Build.0 = Debug|Any CPU
		{3FD2C66F-68BD-4D50-A71C-17D1A4E1FA50}.Release|Any CPU.ActiveCfg = Release|Any CPU
		{3FD2C66F-68BD-4D50-A71C-17D1A4E1FA50}.Release|Any CPU.Build.0 = Release|Any CPU
		{3FD2C66F-68BD-4D50-A71C-17D1A4E1FA50}.Release|x86.ActiveCfg = Release|Any CPU
		{3FD2C66F-68BD-4D50-A71C-17D1A4E1FA50}.Release|x86.Build.0 = Release|Any CPU
		{2BAAC609-B8E0-4687-B7D4-52EABA616344}.Debug|Any CPU.ActiveCfg = Debug|Any CPU
		{2BAAC609-B8E0-4687-B7D4-52EABA616344}.Debug|Any CPU.Build.0 = Debug|Any CPU
		{2BAAC609-B8E0-4687-B7D4-52EABA616344}.Debug|x86.ActiveCfg = Debug|Any CPU
		{2BAAC609-B8E0-4687-B7D4-52EABA616344}.Debug|x86.Build.0 = Debug|Any CPU
		{2BAAC609-B8E0-4687-B7D4-52EABA616344}.Release|Any CPU.ActiveCfg = Release|Any CPU
		{2BAAC609-B8E0-4687-B7D4-52EABA616344}.Release|Any CPU.Build.0 = Release|Any CPU
		{2BAAC609-B8E0-4687-B7D4-52EABA616344}.Release|x86.ActiveCfg = Release|Any CPU
		{2BAAC609-B8E0-4687-B7D4-52EABA616344}.Release|x86.Build.0 = Release|Any CPU
		{578DBF52-C0B1-4041-8FB6-70599A95AD13}.Debug|Any CPU.ActiveCfg = Debug|Any CPU
		{578DBF52-C0B1-4041-8FB6-70599A95AD13}.Debug|Any CPU.Build.0 = Debug|Any CPU
		{578DBF52-C0B1-4041-8FB6-70599A95AD13}.Debug|x86.ActiveCfg = Debug|Any CPU
		{578DBF52-C0B1-4041-8FB6-70599A95AD13}.Debug|x86.Build.0 = Debug|Any CPU
		{578DBF52-C0B1-4041-8FB6-70599A95AD13}.Release|Any CPU.ActiveCfg = Release|Any CPU
		{578DBF52-C0B1-4041-8FB6-70599A95AD13}.Release|Any CPU.Build.0 = Release|Any CPU
		{578DBF52-C0B1-4041-8FB6-70599A95AD13}.Release|x86.ActiveCfg = Release|Any CPU
		{578DBF52-C0B1-4041-8FB6-70599A95AD13}.Release|x86.Build.0 = Release|Any CPU
		{CEF62731-C759-4678-8599-7957B051517B}.Debug|Any CPU.ActiveCfg = Debug|Any CPU
		{CEF62731-C759-4678-8599-7957B051517B}.Debug|Any CPU.Build.0 = Debug|Any CPU
		{CEF62731-C759-4678-8599-7957B051517B}.Debug|x86.ActiveCfg = Debug|Any CPU
		{CEF62731-C759-4678-8599-7957B051517B}.Debug|x86.Build.0 = Debug|Any CPU
		{CEF62731-C759-4678-8599-7957B051517B}.Release|Any CPU.ActiveCfg = Release|Any CPU
		{CEF62731-C759-4678-8599-7957B051517B}.Release|Any CPU.Build.0 = Release|Any CPU
		{CEF62731-C759-4678-8599-7957B051517B}.Release|x86.ActiveCfg = Release|Any CPU
		{CEF62731-C759-4678-8599-7957B051517B}.Release|x86.Build.0 = Release|Any CPU
		{52E5D916-02F2-40AC-84C2-45BA165A6E33}.Debug|Any CPU.ActiveCfg = Debug|Any CPU
		{52E5D916-02F2-40AC-84C2-45BA165A6E33}.Debug|Any CPU.Build.0 = Debug|Any CPU
		{52E5D916-02F2-40AC-84C2-45BA165A6E33}.Debug|x86.ActiveCfg = Debug|Any CPU
		{52E5D916-02F2-40AC-84C2-45BA165A6E33}.Debug|x86.Build.0 = Debug|Any CPU
		{52E5D916-02F2-40AC-84C2-45BA165A6E33}.Release|Any CPU.ActiveCfg = Release|Any CPU
		{52E5D916-02F2-40AC-84C2-45BA165A6E33}.Release|Any CPU.Build.0 = Release|Any CPU
		{52E5D916-02F2-40AC-84C2-45BA165A6E33}.Release|x86.ActiveCfg = Release|Any CPU
		{52E5D916-02F2-40AC-84C2-45BA165A6E33}.Release|x86.Build.0 = Release|Any CPU
		{372D2A09-D802-4876-8800-6F03EBE4066C}.Debug|Any CPU.ActiveCfg = Debug|Any CPU
		{372D2A09-D802-4876-8800-6F03EBE4066C}.Debug|Any CPU.Build.0 = Debug|Any CPU
		{372D2A09-D802-4876-8800-6F03EBE4066C}.Debug|x86.ActiveCfg = Debug|Any CPU
		{372D2A09-D802-4876-8800-6F03EBE4066C}.Debug|x86.Build.0 = Debug|Any CPU
		{372D2A09-D802-4876-8800-6F03EBE4066C}.Release|Any CPU.ActiveCfg = Release|Any CPU
		{372D2A09-D802-4876-8800-6F03EBE4066C}.Release|Any CPU.Build.0 = Release|Any CPU
		{372D2A09-D802-4876-8800-6F03EBE4066C}.Release|x86.ActiveCfg = Release|Any CPU
		{372D2A09-D802-4876-8800-6F03EBE4066C}.Release|x86.Build.0 = Release|Any CPU
		{0D3B3378-9F54-4EAB-A9B4-49CD6E5EED19}.Debug|Any CPU.ActiveCfg = Debug|Any CPU
		{0D3B3378-9F54-4EAB-A9B4-49CD6E5EED19}.Debug|Any CPU.Build.0 = Debug|Any CPU
		{0D3B3378-9F54-4EAB-A9B4-49CD6E5EED19}.Debug|x86.ActiveCfg = Debug|Any CPU
		{0D3B3378-9F54-4EAB-A9B4-49CD6E5EED19}.Debug|x86.Build.0 = Debug|Any CPU
		{0D3B3378-9F54-4EAB-A9B4-49CD6E5EED19}.Release|Any CPU.ActiveCfg = Release|Any CPU
		{0D3B3378-9F54-4EAB-A9B4-49CD6E5EED19}.Release|Any CPU.Build.0 = Release|Any CPU
		{0D3B3378-9F54-4EAB-A9B4-49CD6E5EED19}.Release|x86.ActiveCfg = Release|Any CPU
		{0D3B3378-9F54-4EAB-A9B4-49CD6E5EED19}.Release|x86.Build.0 = Release|Any CPU
		{816856D2-7B2C-4DE7-86D0-62D14433AA5E}.Debug|Any CPU.ActiveCfg = Debug|Any CPU
		{816856D2-7B2C-4DE7-86D0-62D14433AA5E}.Debug|Any CPU.Build.0 = Debug|Any CPU
		{816856D2-7B2C-4DE7-86D0-62D14433AA5E}.Debug|x86.ActiveCfg = Debug|Any CPU
		{816856D2-7B2C-4DE7-86D0-62D14433AA5E}.Debug|x86.Build.0 = Debug|Any CPU
		{816856D2-7B2C-4DE7-86D0-62D14433AA5E}.Release|Any CPU.ActiveCfg = Release|Any CPU
		{816856D2-7B2C-4DE7-86D0-62D14433AA5E}.Release|Any CPU.Build.0 = Release|Any CPU
		{816856D2-7B2C-4DE7-86D0-62D14433AA5E}.Release|x86.ActiveCfg = Release|Any CPU
		{816856D2-7B2C-4DE7-86D0-62D14433AA5E}.Release|x86.Build.0 = Release|Any CPU
		{E46D0BC6-80B9-4139-9D07-29813E0951A0}.Debug|Any CPU.ActiveCfg = Debug|Any CPU
		{E46D0BC6-80B9-4139-9D07-29813E0951A0}.Debug|Any CPU.Build.0 = Debug|Any CPU
		{E46D0BC6-80B9-4139-9D07-29813E0951A0}.Debug|x86.ActiveCfg = Debug|Any CPU
		{E46D0BC6-80B9-4139-9D07-29813E0951A0}.Debug|x86.Build.0 = Debug|Any CPU
		{E46D0BC6-80B9-4139-9D07-29813E0951A0}.Release|Any CPU.ActiveCfg = Release|Any CPU
		{E46D0BC6-80B9-4139-9D07-29813E0951A0}.Release|Any CPU.Build.0 = Release|Any CPU
		{E46D0BC6-80B9-4139-9D07-29813E0951A0}.Release|x86.ActiveCfg = Release|Any CPU
		{E46D0BC6-80B9-4139-9D07-29813E0951A0}.Release|x86.Build.0 = Release|Any CPU
		{35C4150A-848D-48A5-8E58-3F8D9C0079B5}.Debug|Any CPU.ActiveCfg = Debug|Any CPU
		{35C4150A-848D-48A5-8E58-3F8D9C0079B5}.Debug|Any CPU.Build.0 = Debug|Any CPU
		{35C4150A-848D-48A5-8E58-3F8D9C0079B5}.Debug|x86.ActiveCfg = Debug|Any CPU
		{35C4150A-848D-48A5-8E58-3F8D9C0079B5}.Debug|x86.Build.0 = Debug|Any CPU
		{35C4150A-848D-48A5-8E58-3F8D9C0079B5}.Release|Any CPU.ActiveCfg = Release|Any CPU
		{35C4150A-848D-48A5-8E58-3F8D9C0079B5}.Release|Any CPU.Build.0 = Release|Any CPU
		{35C4150A-848D-48A5-8E58-3F8D9C0079B5}.Release|x86.ActiveCfg = Release|Any CPU
		{35C4150A-848D-48A5-8E58-3F8D9C0079B5}.Release|x86.Build.0 = Release|Any CPU
		{2F8E4336-ECA6-4F7B-A202-6FA3EF5ACF87}.Debug|Any CPU.ActiveCfg = Debug|Any CPU
		{2F8E4336-ECA6-4F7B-A202-6FA3EF5ACF87}.Debug|Any CPU.Build.0 = Debug|Any CPU
		{2F8E4336-ECA6-4F7B-A202-6FA3EF5ACF87}.Debug|x86.ActiveCfg = Debug|Any CPU
		{2F8E4336-ECA6-4F7B-A202-6FA3EF5ACF87}.Debug|x86.Build.0 = Debug|Any CPU
		{2F8E4336-ECA6-4F7B-A202-6FA3EF5ACF87}.Release|Any CPU.ActiveCfg = Release|Any CPU
		{2F8E4336-ECA6-4F7B-A202-6FA3EF5ACF87}.Release|Any CPU.Build.0 = Release|Any CPU
		{2F8E4336-ECA6-4F7B-A202-6FA3EF5ACF87}.Release|x86.ActiveCfg = Release|Any CPU
		{2F8E4336-ECA6-4F7B-A202-6FA3EF5ACF87}.Release|x86.Build.0 = Release|Any CPU
		{32792E0B-6AAA-41D8-909D-FA3FE0C2383A}.Debug|Any CPU.ActiveCfg = Debug|Any CPU
		{32792E0B-6AAA-41D8-909D-FA3FE0C2383A}.Debug|Any CPU.Build.0 = Debug|Any CPU
		{32792E0B-6AAA-41D8-909D-FA3FE0C2383A}.Debug|x86.ActiveCfg = Debug|Any CPU
		{32792E0B-6AAA-41D8-909D-FA3FE0C2383A}.Debug|x86.Build.0 = Debug|Any CPU
		{32792E0B-6AAA-41D8-909D-FA3FE0C2383A}.Release|Any CPU.ActiveCfg = Release|Any CPU
		{32792E0B-6AAA-41D8-909D-FA3FE0C2383A}.Release|Any CPU.Build.0 = Release|Any CPU
		{32792E0B-6AAA-41D8-909D-FA3FE0C2383A}.Release|x86.ActiveCfg = Release|Any CPU
		{32792E0B-6AAA-41D8-909D-FA3FE0C2383A}.Release|x86.Build.0 = Release|Any CPU
		{A6313F2F-6CF4-410A-8359-BFB873ACCB48}.Debug|Any CPU.ActiveCfg = Debug|Any CPU
		{A6313F2F-6CF4-410A-8359-BFB873ACCB48}.Debug|Any CPU.Build.0 = Debug|Any CPU
		{A6313F2F-6CF4-410A-8359-BFB873ACCB48}.Debug|x86.ActiveCfg = Debug|Any CPU
		{A6313F2F-6CF4-410A-8359-BFB873ACCB48}.Debug|x86.Build.0 = Debug|Any CPU
		{A6313F2F-6CF4-410A-8359-BFB873ACCB48}.Release|Any CPU.ActiveCfg = Release|Any CPU
		{A6313F2F-6CF4-410A-8359-BFB873ACCB48}.Release|Any CPU.Build.0 = Release|Any CPU
		{A6313F2F-6CF4-410A-8359-BFB873ACCB48}.Release|x86.ActiveCfg = Release|Any CPU
		{A6313F2F-6CF4-410A-8359-BFB873ACCB48}.Release|x86.Build.0 = Release|Any CPU
		{A98509CB-5865-4C60-8E9E-B2B38A6B054D}.Debug|Any CPU.ActiveCfg = Debug|Any CPU
		{A98509CB-5865-4C60-8E9E-B2B38A6B054D}.Debug|Any CPU.Build.0 = Debug|Any CPU
		{A98509CB-5865-4C60-8E9E-B2B38A6B054D}.Debug|x86.ActiveCfg = Debug|Any CPU
		{A98509CB-5865-4C60-8E9E-B2B38A6B054D}.Debug|x86.Build.0 = Debug|Any CPU
		{A98509CB-5865-4C60-8E9E-B2B38A6B054D}.Release|Any CPU.ActiveCfg = Release|Any CPU
		{A98509CB-5865-4C60-8E9E-B2B38A6B054D}.Release|Any CPU.Build.0 = Release|Any CPU
		{A98509CB-5865-4C60-8E9E-B2B38A6B054D}.Release|x86.ActiveCfg = Release|Any CPU
		{A98509CB-5865-4C60-8E9E-B2B38A6B054D}.Release|x86.Build.0 = Release|Any CPU
	EndGlobalSection
	GlobalSection(SolutionProperties) = preSolution
		HideSolutionNode = FALSE
	EndGlobalSection
	GlobalSection(NestedProjects) = preSolution
		{C8D0CD2D-0340-4E97-9E62-5A8334AD9E2D} = {DA107019-87B6-473D-8C9B-1C3A48CB8FD5}
		{D46D6FCD-03E4-499F-9ECF-A570E2E0EA51} = {C8D0CD2D-0340-4E97-9E62-5A8334AD9E2D}
		{5183E3A8-3F40-4A00-9696-DB2EF0D895A4} = {AE8877B5-88C1-4493-B70D-27DCCEA5CE39}
		{30137696-E13B-4AA8-93F4-3C7C9A70687B} = {AE8877B5-88C1-4493-B70D-27DCCEA5CE39}
		{AD6CAF48-9B9F-4E4A-8C64-D04FB32C4AA7} = {AE8877B5-88C1-4493-B70D-27DCCEA5CE39}
		{109F5B7D-AFE6-4923-B52F-73C5862C04A9} = {C8D0CD2D-0340-4E97-9E62-5A8334AD9E2D}
		{7EAC5267-58C4-490F-A9AF-BD2C291BB4BE} = {C8D0CD2D-0340-4E97-9E62-5A8334AD9E2D}
		{EA35436D-33FA-4710-B57D-C9F349D5EB26} = {DA107019-87B6-473D-8C9B-1C3A48CB8FD5}
		{91003067-7893-4DC3-B2F8-AB93D72467BD} = {DA107019-87B6-473D-8C9B-1C3A48CB8FD5}
		{891474EA-68BD-4CD0-8058-6537B9F9407E} = {DA107019-87B6-473D-8C9B-1C3A48CB8FD5}
		{29DF07CE-4648-47DE-8440-3DB54D49D5D2} = {C8D0CD2D-0340-4E97-9E62-5A8334AD9E2D}
		{3F5F5E7E-08DB-421B-9F1C-4013EF70736D} = {DA107019-87B6-473D-8C9B-1C3A48CB8FD5}
		{B7B90CFA-6D46-4DAA-9BD1-0C9EBB1A44AD} = {1CFD0B87-E292-41B3-A914-FF8254D4A32C}
		{1CFD0B87-E292-41B3-A914-FF8254D4A32C} = {DA107019-87B6-473D-8C9B-1C3A48CB8FD5}
		{18EF7DE3-5726-46CF-A2F1-B168D84328B4} = {1CFD0B87-E292-41B3-A914-FF8254D4A32C}
		{C34D92EB-36E6-4405-8479-8218570D1F76} = {DA107019-87B6-473D-8C9B-1C3A48CB8FD5}
		{EF42EF2C-57E0-41FD-96C8-AACC49DDDCCC} = {5D69978C-B7F0-4CCE-9BC5-B27AEF529A1D}
		{E72E2077-72CA-4008-A5A3-E98359D68850} = {DB40BEF1-64CF-4308-9740-AF22284F4491}
		{74E08A04-65C4-4DAD-B470-6962B6F223C6} = {DB40BEF1-64CF-4308-9740-AF22284F4491}
		{7C5D64B6-CF2C-46D6-A91D-9AB47FF7BAC9} = {DB40BEF1-64CF-4308-9740-AF22284F4491}
		{5569052C-7DBF-4BC8-A4D3-FAD00E211606} = {DB40BEF1-64CF-4308-9740-AF22284F4491}
		{A4E14D0E-D93E-4CD5-87FF-6E2F57C78ABF} = {DB40BEF1-64CF-4308-9740-AF22284F4491}
		{CCF09D62-A1C4-4DD0-BC72-CBC878CC48F9} = {DB40BEF1-64CF-4308-9740-AF22284F4491}
		{5181507E-2B96-4B05-A84F-D6E7A41401C5} = {DB40BEF1-64CF-4308-9740-AF22284F4491}
		{6D11BDCF-4F53-4F87-B704-3B2CBA76E07C} = {DB40BEF1-64CF-4308-9740-AF22284F4491}
		{3D632973-D64B-4AFF-BB84-52693FD4E087} = {DB40BEF1-64CF-4308-9740-AF22284F4491}
		{698AE3CB-BB79-421B-8EB3-255139360163} = {DB40BEF1-64CF-4308-9740-AF22284F4491}
		{DE3BCAD9-86A3-401A-B1E2-8F53730CE032} = {DB40BEF1-64CF-4308-9740-AF22284F4491}
		{B3267DAA-ED32-4DAD-B559-4F2794B3FF3C} = {DB40BEF1-64CF-4308-9740-AF22284F4491}
		{BBD451D0-0E3F-4D8F-B3A9-8444A971A6C7} = {DB40BEF1-64CF-4308-9740-AF22284F4491}
		{D53F0E38-C90D-485F-AF6B-79D9670D2099} = {DB40BEF1-64CF-4308-9740-AF22284F4491}
		{EF436684-949D-45F5-8A78-947F0447F7DC} = {DB40BEF1-64CF-4308-9740-AF22284F4491}
		{01A396D0-4907-4019-ADAC-41EBAF8C0D09} = {DB40BEF1-64CF-4308-9740-AF22284F4491}
		{534C3654-3561-4413-A89C-646DF632ABFD} = {DB40BEF1-64CF-4308-9740-AF22284F4491}
		{A8623626-079B-440F-AD50-7750D2631B72} = {DB40BEF1-64CF-4308-9740-AF22284F4491}
		{627FB239-6866-40C8-8EA7-E00F3310EEB1} = {DB40BEF1-64CF-4308-9740-AF22284F4491}
		{7834D974-0B0D-490C-A5FC-A5AD3A9D3488} = {DB40BEF1-64CF-4308-9740-AF22284F4491}
		{D81E4E31-CC3A-427E-8BEA-E0689C2947CB} = {DB40BEF1-64CF-4308-9740-AF22284F4491}
		{2BCAEFD4-4D15-4197-A841-A0822E9AA973} = {DB40BEF1-64CF-4308-9740-AF22284F4491}
		{B7B8B4F8-51BD-47BB-A29F-C325626FCDFA} = {DB40BEF1-64CF-4308-9740-AF22284F4491}
		{F4879B94-8AC6-43E4-8C62-F5B0579CA472} = {DB40BEF1-64CF-4308-9740-AF22284F4491}
		{73A5A107-1D08-427D-B227-4E2CA49DE130} = {DB40BEF1-64CF-4308-9740-AF22284F4491}
		{B9261A33-FC67-4E58-BFC2-609CB12A4521} = {DB40BEF1-64CF-4308-9740-AF22284F4491}
		{5D0A57BC-61A9-4351-8A3F-CF1885AF4CAC} = {DB40BEF1-64CF-4308-9740-AF22284F4491}
		{8B3E883E-98B6-443C-9046-1DE0A4A6C388} = {DB40BEF1-64CF-4308-9740-AF22284F4491}
		{ABD6A6E0-30CC-4FB3-81CA-D0D1B0FFF818} = {DB40BEF1-64CF-4308-9740-AF22284F4491}
		{43B269AB-8EA7-43C2-8BC1-E1626833B974} = {DB40BEF1-64CF-4308-9740-AF22284F4491}
		{3F43C5EB-F2B5-4B0C-967C-8517D3EAC2C2} = {DB40BEF1-64CF-4308-9740-AF22284F4491}
		{9C5D27AB-2E31-4E18-B1F1-4756A56F9692} = {DA107019-87B6-473D-8C9B-1C3A48CB8FD5}
		{29EF1BE4-90AD-432D-8FF2-754F491CA536} = {DB40BEF1-64CF-4308-9740-AF22284F4491}
		{E2A6063F-C8CF-4C27-B758-B4E2753B8B68} = {DB40BEF1-64CF-4308-9740-AF22284F4491}
		{76218F51-7477-4AC8-ADE3-FD228C502617} = {DB40BEF1-64CF-4308-9740-AF22284F4491}
		{1FEAD8DB-6122-4988-90AC-4252421A0A46} = {DB40BEF1-64CF-4308-9740-AF22284F4491}
		{ED1BFF35-59A5-4FA2-A923-A5F2466CFB20} = {DB40BEF1-64CF-4308-9740-AF22284F4491}
		{059126F0-334C-4BF7-AD9A-696655B9C3E7} = {DB40BEF1-64CF-4308-9740-AF22284F4491}
		{FEA78B30-DA22-48F0-9232-82F7DF8B9EB0} = {DB40BEF1-64CF-4308-9740-AF22284F4491}
		{868B1A48-95D8-4EF5-9341-F50A6C17BA93} = {DB40BEF1-64CF-4308-9740-AF22284F4491}
		{419C5785-E9C4-4149-9356-867D4F50B97C} = {DB40BEF1-64CF-4308-9740-AF22284F4491}
		{729D4241-F3A9-45EF-A802-00D4E06D174C} = {DB40BEF1-64CF-4308-9740-AF22284F4491}
		{28D79580-3A4F-4227-88F1-14D50403530B} = {DB40BEF1-64CF-4308-9740-AF22284F4491}
		{F54AABFE-4AD4-4193-BC87-A6F1F1B0A5AE} = {DB40BEF1-64CF-4308-9740-AF22284F4491}
		{CA9717E6-7342-441A-BC37-C9F273E7650C} = {DB40BEF1-64CF-4308-9740-AF22284F4491}
		{ACCA4818-F413-417C-ABB3-832E3AA8A811} = {DB40BEF1-64CF-4308-9740-AF22284F4491}
		{3A091622-562A-4273-B872-CE4BF5BD9DC4} = {DB40BEF1-64CF-4308-9740-AF22284F4491}
		{1CD93726-5745-42EB-ABB9-80DE94A45052} = {DB40BEF1-64CF-4308-9740-AF22284F4491}
		{EF89C3D1-F989-4623-BA2B-31A4BD1077ED} = {DB40BEF1-64CF-4308-9740-AF22284F4491}
		{FE086BF0-B477-4523-98D9-B883AF7D09B3} = {DB40BEF1-64CF-4308-9740-AF22284F4491}
		{BBAA1AA7-A280-4C83-9E6C-1C0957145886} = {DB40BEF1-64CF-4308-9740-AF22284F4491}
		{E8AC0CA0-D314-42F9-9C0F-AC9B2B5ED9B1} = {DB40BEF1-64CF-4308-9740-AF22284F4491}
		{7A95B2C7-5D07-4B32-BB26-B8A1F53E41D3} = {DB40BEF1-64CF-4308-9740-AF22284F4491}
		{524B6481-B3DB-401B-90D5-9937100FE44A} = {DB40BEF1-64CF-4308-9740-AF22284F4491}
		{7BF35B5A-F1A8-49F9-B894-A802E76558D0} = {DB40BEF1-64CF-4308-9740-AF22284F4491}
		{E026423C-33BD-4745-97A5-688962D63580} = {DB40BEF1-64CF-4308-9740-AF22284F4491}
		{7AA54542-2A4B-49C1-B965-D5A071FEFBDE} = {DB40BEF1-64CF-4308-9740-AF22284F4491}
		{3FD2C66F-68BD-4D50-A71C-17D1A4E1FA50} = {DB40BEF1-64CF-4308-9740-AF22284F4491}
		{2BAAC609-B8E0-4687-B7D4-52EABA616344} = {DB40BEF1-64CF-4308-9740-AF22284F4491}
		{578DBF52-C0B1-4041-8FB6-70599A95AD13} = {5D69978C-B7F0-4CCE-9BC5-B27AEF529A1D}
		{CEF62731-C759-4678-8599-7957B051517B} = {DB40BEF1-64CF-4308-9740-AF22284F4491}
		{52E5D916-02F2-40AC-84C2-45BA165A6E33} = {DB40BEF1-64CF-4308-9740-AF22284F4491}
		{372D2A09-D802-4876-8800-6F03EBE4066C} = {DB40BEF1-64CF-4308-9740-AF22284F4491}
		{39222AA6-165A-4E4E-8D31-737A6117D278} = {DB40BEF1-64CF-4308-9740-AF22284F4491}
		{5D69978C-B7F0-4CCE-9BC5-B27AEF529A1D} = {DB40BEF1-64CF-4308-9740-AF22284F4491}
		{0D3B3378-9F54-4EAB-A9B4-49CD6E5EED19} = {5D69978C-B7F0-4CCE-9BC5-B27AEF529A1D}
		{816856D2-7B2C-4DE7-86D0-62D14433AA5E} = {39222AA6-165A-4E4E-8D31-737A6117D278}
		{E46D0BC6-80B9-4139-9D07-29813E0951A0} = {39222AA6-165A-4E4E-8D31-737A6117D278}
		{35C4150A-848D-48A5-8E58-3F8D9C0079B5} = {39222AA6-165A-4E4E-8D31-737A6117D278}
		{2F8E4336-ECA6-4F7B-A202-6FA3EF5ACF87} = {5D69978C-B7F0-4CCE-9BC5-B27AEF529A1D}
		{32792E0B-6AAA-41D8-909D-FA3FE0C2383A} = {5D69978C-B7F0-4CCE-9BC5-B27AEF529A1D}
		{A6313F2F-6CF4-410A-8359-BFB873ACCB48} = {5D69978C-B7F0-4CCE-9BC5-B27AEF529A1D}
		{A98509CB-5865-4C60-8E9E-B2B38A6B054D} = {5D69978C-B7F0-4CCE-9BC5-B27AEF529A1D}
	EndGlobalSection
	GlobalSection(ExtensibilityGlobals) = postSolution
		SolutionGuid = {559711D5-4429-4577-BBC9-F0D973972079}
	EndGlobalSection
EndGlobal
