
Microsoft Visual Studio Solution File, Format Version 12.00
# Visual Studio Version 17
VisualStudioVersion = 17.8.34330.188
MinimumVisualStudioVersion = 10.0.40219.1
Project("{9A19103F-16F7-4668-BE54-9A1E7A4F7556}") = "WixSharp.Core", "WixSharp.Core\WixSharp.Core.csproj", "{56182368-5E0A-437B-BD86-2F6845BF5043}"
EndProject
Project("{9A19103F-16F7-4668-BE54-9A1E7A4F7556}") = "WixSharp.Msi.Core", "WixSharp.Msi.Core\WixSharp.Msi.Core.csproj", "{5F4513A5-8485-457A-A80A-BAD61A04EE72}"
EndProject
Project("{9A19103F-16F7-4668-BE54-9A1E7A4F7556}") = "setup.core", "setup.core\setup.core.csproj", "{321B6DB2-B719-4044-B71B-916FABE34F47}"
EndProject
Project("{9A19103F-16F7-4668-BE54-9A1E7A4F7556}") = "setup.core.aot", "setup.core\aot\setup.core.aot.csproj", "{3CEEF9E8-D129-4BFB-B002-2FE81148B831}"
EndProject
Global
	GlobalSection(SolutionConfigurationPlatforms) = preSolution
		Debug|Any CPU = Debug|Any CPU
		Release|Any CPU = Release|Any CPU
	EndGlobalSection
	GlobalSection(ProjectConfigurationPlatforms) = postSolution
		{56182368-5E0A-437B-BD86-2F6845BF5043}.Debug|Any CPU.ActiveCfg = Debug|Any CPU
		{56182368-5E0A-437B-BD86-2F6845BF5043}.Debug|Any CPU.Build.0 = Debug|Any CPU
		{56182368-5E0A-437B-BD86-2F6845BF5043}.Release|Any CPU.ActiveCfg = Release|Any CPU
		{56182368-5E0A-437B-BD86-2F6845BF5043}.Release|Any CPU.Build.0 = Release|Any CPU
		{5F4513A5-8485-457A-A80A-BAD61A04EE72}.Debug|Any CPU.ActiveCfg = Debug|Any CPU
		{5F4513A5-8485-457A-A80A-BAD61A04EE72}.Debug|Any CPU.Build.0 = Debug|Any CPU
		{5F4513A5-8485-457A-A80A-BAD61A04EE72}.Release|Any CPU.ActiveCfg = Release|Any CPU
		{5F4513A5-8485-457A-A80A-BAD61A04EE72}.Release|Any CPU.Build.0 = Release|Any CPU
		{321B6DB2-B719-4044-B71B-916FABE34F47}.Debug|Any CPU.ActiveCfg = Debug|Any CPU
		{321B6DB2-B719-4044-B71B-916FABE34F47}.Debug|Any CPU.Build.0 = Debug|Any CPU
		{321B6DB2-B719-4044-B71B-916FABE34F47}.Release|Any CPU.ActiveCfg = Release|Any CPU
		{321B6DB2-B719-4044-B71B-916FABE34F47}.Release|Any CPU.Build.0 = Release|Any CPU
		{3CEEF9E8-D129-4BFB-B002-2FE81148B831}.Debug|Any CPU.ActiveCfg = Debug|Any CPU
		{3CEEF9E8-D129-4BFB-B002-2FE81148B831}.Debug|Any CPU.Build.0 = Debug|Any CPU
		{3CEEF9E8-D129-4BFB-B002-2FE81148B831}.Release|Any CPU.ActiveCfg = Release|Any CPU
		{3CEEF9E8-D129-4BFB-B002-2FE81148B831}.Release|Any CPU.Build.0 = Release|Any CPU
	EndGlobalSection
	GlobalSection(SolutionProperties) = preSolution
		HideSolutionNode = FALSE
	EndGlobalSection
	GlobalSection(ExtensibilityGlobals) = postSolution
		SolutionGuid = {06C3FC88-A957-4607-9B62-27B677A72F29}
	EndGlobalSection
EndGlobal
